PODS:
  - ObjectivePGP (0.99.4)
  - Toast-Swift (5.0.1)

DEPENDENCIES:
  - ObjectivePGP
  - Toast-Swift (~> 5.0.1)

SPEC REPOS:
  trunk:
    - ObjectivePGP
    - Toast-Swift

SPEC CHECKSUMS:
  ObjectivePGP: 5b023e0a73c9edb89a5d333e5e9ce89ec7740772
  Toast-Swift: 9b6a70f28b3bf0b96c40d46c0c4b9d6639846711

PODFILE CHECKSUM: cb2dd23986faf77d2d1c79f7002fff9d2f86972b

COCOAPODS: 1.12.0
