// !$*UTF8*$!
{
	archiveVersion = 1;
	classes = {
	};
	objectVersion = 56;
	objects = {

/* Begin PBXBuildFile section */
		138F9CB729F03B4C00B9A248 /* TabBarPresenter.swift in Sources */ = {isa = PBXBuildFile; fileRef = 138F9C9829F03B4B00B9A248 /* TabBarPresenter.swift */; };
		138F9CB929F03B4C00B9A248 /* TabBarBuilder.swift in Sources */ = {isa = PBXBuildFile; fileRef = 138F9C9A29F03B4B00B9A248 /* TabBarBuilder.swift */; };
		138F9CBA29F03B4C00B9A248 /* TabBarViewController.swift in Sources */ = {isa = PBXBuildFile; fileRef = 138F9C9B29F03B4B00B9A248 /* TabBarViewController.swift */; };
		138F9CBB29F03B4C00B9A248 /* TabBarContract.swift in Sources */ = {isa = PBXBuildFile; fileRef = 138F9C9C29F03B4B00B9A248 /* TabBarContract.swift */; };
		138F9CBC29F03B4C00B9A248 /* GenerateKeysPresenter.swift in Sources */ = {isa = PBXBuildFile; fileRef = 138F9C9E29F03B4B00B9A248 /* GenerateKeysPresenter.swift */; };
		138F9CBD29F03B4C00B9A248 /* GenerateKeysBuilder.swift in Sources */ = {isa = PBXBuildFile; fileRef = 138F9C9F29F03B4B00B9A248 /* GenerateKeysBuilder.swift */; };
		138F9CBE29F03B4C00B9A248 /* GenerateKeysContract.swift in Sources */ = {isa = PBXBuildFile; fileRef = 138F9CA029F03B4B00B9A248 /* GenerateKeysContract.swift */; };
		138F9CBF29F03B4C00B9A248 /* GenerateKeysViewController.swift in Sources */ = {isa = PBXBuildFile; fileRef = 138F9CA129F03B4B00B9A248 /* GenerateKeysViewController.swift */; };
		138F9CC029F03B4C00B9A248 /* GenerateKeys.storyboard in Resources */ = {isa = PBXBuildFile; fileRef = 138F9CA229F03B4B00B9A248 /* GenerateKeys.storyboard */; };
		138F9CC129F03B4C00B9A248 /* AppRouter.swift in Sources */ = {isa = PBXBuildFile; fileRef = 138F9CA429F03B4B00B9A248 /* AppRouter.swift */; };
		138F9CC229F03B4C00B9A248 /* AppDelegate.swift in Sources */ = {isa = PBXBuildFile; fileRef = 138F9CA529F03B4B00B9A248 /* AppDelegate.swift */; };
		138F9CC329F03B4C00B9A248 /* SceneDelegate.swift in Sources */ = {isa = PBXBuildFile; fileRef = 138F9CA629F03B4B00B9A248 /* SceneDelegate.swift */; };
		138F9CC429F03B4C00B9A248 /* UIViewController+Extensions.swift in Sources */ = {isa = PBXBuildFile; fileRef = 138F9CA829F03B4B00B9A248 /* UIViewController+Extensions.swift */; };
		138F9CC529F03B4C00B9A248 /* UIView+Extensions.swift in Sources */ = {isa = PBXBuildFile; fileRef = 138F9CA929F03B4B00B9A248 /* UIView+Extensions.swift */; };
		138F9CC629F03B4C00B9A248 /* String+Extensions.swift in Sources */ = {isa = PBXBuildFile; fileRef = 138F9CAA29F03B4B00B9A248 /* String+Extensions.swift */; };
		138F9CC729F03B4C00B9A248 /* UIApplication+Extensions.swift in Sources */ = {isa = PBXBuildFile; fileRef = 138F9CAB29F03B4B00B9A248 /* UIApplication+Extensions.swift */; };
		138F9CC829F03B4C00B9A248 /* UICollectionViewCell+Extensions.swift in Sources */ = {isa = PBXBuildFile; fileRef = 138F9CAD29F03B4B00B9A248 /* UICollectionViewCell+Extensions.swift */; };
		138F9CC929F03B4C00B9A248 /* UICollectionView+Extensions.swift in Sources */ = {isa = PBXBuildFile; fileRef = 138F9CAE29F03B4B00B9A248 /* UICollectionView+Extensions.swift */; };
		138F9CCA29F03B4C00B9A248 /* UITableViewCell+Extension.swift in Sources */ = {isa = PBXBuildFile; fileRef = 138F9CB029F03B4B00B9A248 /* UITableViewCell+Extension.swift */; };
		138F9CCB29F03B4C00B9A248 /* UITableView+Extensions.swift in Sources */ = {isa = PBXBuildFile; fileRef = 138F9CB129F03B4B00B9A248 /* UITableView+Extensions.swift */; };
		138F9CCC29F03B4C00B9A248 /* Optional+Extensions.swift in Sources */ = {isa = PBXBuildFile; fileRef = 138F9CB229F03B4B00B9A248 /* Optional+Extensions.swift */; };
		138F9CCD29F03B4C00B9A248 /* BaseViewController.swift in Sources */ = {isa = PBXBuildFile; fileRef = 138F9CB429F03B4B00B9A248 /* BaseViewController.swift */; };
		138F9CCE29F03B4C00B9A248 /* BaseView.swift in Sources */ = {isa = PBXBuildFile; fileRef = 138F9CB529F03B4B00B9A248 /* BaseView.swift */; };
		138F9CCF29F03B4C00B9A248 /* BaseViewProtocol.swift in Sources */ = {isa = PBXBuildFile; fileRef = 138F9CB629F03B4B00B9A248 /* BaseViewProtocol.swift */; };
		138F9CD729F03B5400B9A248 /* Assets.xcassets in Resources */ = {isa = PBXBuildFile; fileRef = 138F9CD329F03B5400B9A248 /* Assets.xcassets */; };
		138F9CD829F03B5400B9A248 /* LaunchScreen.storyboard in Resources */ = {isa = PBXBuildFile; fileRef = 138F9CD429F03B5400B9A248 /* LaunchScreen.storyboard */; };
		138F9CE029F03BBD00B9A248 /* SigningContract.swift in Sources */ = {isa = PBXBuildFile; fileRef = 138F9CDB29F03BBD00B9A248 /* SigningContract.swift */; };
		138F9CE129F03BBD00B9A248 /* SigningPresenter.swift in Sources */ = {isa = PBXBuildFile; fileRef = 138F9CDC29F03BBD00B9A248 /* SigningPresenter.swift */; };
		138F9CE229F03BBD00B9A248 /* SigningViewController.swift in Sources */ = {isa = PBXBuildFile; fileRef = 138F9CDD29F03BBD00B9A248 /* SigningViewController.swift */; };
		138F9CE329F03BBD00B9A248 /* SigningBuilder.swift in Sources */ = {isa = PBXBuildFile; fileRef = 138F9CDE29F03BBD00B9A248 /* SigningBuilder.swift */; };
		138F9CE529F03E7600B9A248 /* Signing.storyboard in Resources */ = {isa = PBXBuildFile; fileRef = 138F9CE429F03E7600B9A248 /* Signing.storyboard */; };
		138F9CEC29F0445000B9A248 /* VerifySignature.storyboard in Resources */ = {isa = PBXBuildFile; fileRef = 138F9CE729F0445000B9A248 /* VerifySignature.storyboard */; };
		138F9CED29F0445000B9A248 /* VerifySignatureContract.swift in Sources */ = {isa = PBXBuildFile; fileRef = 138F9CE829F0445000B9A248 /* VerifySignatureContract.swift */; };
		138F9CEE29F0445000B9A248 /* VerifySignaturePresenter.swift in Sources */ = {isa = PBXBuildFile; fileRef = 138F9CE929F0445000B9A248 /* VerifySignaturePresenter.swift */; };
		138F9CEF29F0445000B9A248 /* VerifySignatureViewController.swift in Sources */ = {isa = PBXBuildFile; fileRef = 138F9CEA29F0445000B9A248 /* VerifySignatureViewController.swift */; };
		138F9CF029F0445000B9A248 /* VerifySignatureBuilder.swift in Sources */ = {isa = PBXBuildFile; fileRef = 138F9CEB29F0445000B9A248 /* VerifySignatureBuilder.swift */; };
		138F9CF729F1992B00B9A248 /* Encrypt.storyboard in Resources */ = {isa = PBXBuildFile; fileRef = 138F9CF229F1992B00B9A248 /* Encrypt.storyboard */; };
		138F9CF829F1992B00B9A248 /* EncryptContract.swift in Sources */ = {isa = PBXBuildFile; fileRef = 138F9CF329F1992B00B9A248 /* EncryptContract.swift */; };
		138F9CF929F1992B00B9A248 /* EncryptPresenter.swift in Sources */ = {isa = PBXBuildFile; fileRef = 138F9CF429F1992B00B9A248 /* EncryptPresenter.swift */; };
		138F9CFA29F1992B00B9A248 /* EncryptViewController.swift in Sources */ = {isa = PBXBuildFile; fileRef = 138F9CF529F1992B00B9A248 /* EncryptViewController.swift */; };
		138F9CFB29F1992B00B9A248 /* EncryptBuilder.swift in Sources */ = {isa = PBXBuildFile; fileRef = 138F9CF629F1992B00B9A248 /* EncryptBuilder.swift */; };
		138F9D0229F2BEA400B9A248 /* ListKeys.storyboard in Resources */ = {isa = PBXBuildFile; fileRef = 138F9CFD29F2BEA400B9A248 /* ListKeys.storyboard */; };
		138F9D0329F2BEA400B9A248 /* ListKeysContract.swift in Sources */ = {isa = PBXBuildFile; fileRef = 138F9CFE29F2BEA400B9A248 /* ListKeysContract.swift */; };
		138F9D0429F2BEA400B9A248 /* ListKeysPresenter.swift in Sources */ = {isa = PBXBuildFile; fileRef = 138F9CFF29F2BEA400B9A248 /* ListKeysPresenter.swift */; };
		138F9D0529F2BEA400B9A248 /* ListKeysViewController.swift in Sources */ = {isa = PBXBuildFile; fileRef = 138F9D0029F2BEA400B9A248 /* ListKeysViewController.swift */; };
		138F9D0629F2BEA400B9A248 /* ListKeysBuilder.swift in Sources */ = {isa = PBXBuildFile; fileRef = 138F9D0129F2BEA400B9A248 /* ListKeysBuilder.swift */; };
		138F9D0A29F2C15B00B9A248 /* ListKeysCell.swift in Sources */ = {isa = PBXBuildFile; fileRef = 138F9D0829F2C15B00B9A248 /* ListKeysCell.swift */; };
		138F9D0B29F2C15B00B9A248 /* ListKeysCell.xib in Resources */ = {isa = PBXBuildFile; fileRef = 138F9D0929F2C15B00B9A248 /* ListKeysCell.xib */; };
		138F9D0F29F2C31E00B9A248 /* PGPService.swift in Sources */ = {isa = PBXBuildFile; fileRef = 138F9D0E29F2C31E00B9A248 /* PGPService.swift */; };
		138F9D1729F2D08F00B9A248 /* KeyDetail.storyboard in Resources */ = {isa = PBXBuildFile; fileRef = 138F9D1229F2D08F00B9A248 /* KeyDetail.storyboard */; };
		138F9D1829F2D08F00B9A248 /* KeyDetailContract.swift in Sources */ = {isa = PBXBuildFile; fileRef = 138F9D1329F2D08F00B9A248 /* KeyDetailContract.swift */; };
		138F9D1929F2D08F00B9A248 /* KeyDetailPresenter.swift in Sources */ = {isa = PBXBuildFile; fileRef = 138F9D1429F2D08F00B9A248 /* KeyDetailPresenter.swift */; };
		138F9D1A29F2D08F00B9A248 /* KeyDetailViewController.swift in Sources */ = {isa = PBXBuildFile; fileRef = 138F9D1529F2D08F00B9A248 /* KeyDetailViewController.swift */; };
		138F9D1B29F2D08F00B9A248 /* KeyDetailBuilder.swift in Sources */ = {isa = PBXBuildFile; fileRef = 138F9D1629F2D08F00B9A248 /* KeyDetailBuilder.swift */; };
		138F9D1E29F2D99400B9A248 /* KeyDetailViewModel.swift in Sources */ = {isa = PBXBuildFile; fileRef = 138F9D1D29F2D99400B9A248 /* KeyDetailViewModel.swift */; };
		138F9D2029F2E04900B9A248 /* PGPKey+Extensions.swift in Sources */ = {isa = PBXBuildFile; fileRef = 138F9D1F29F2E04900B9A248 /* PGPKey+Extensions.swift */; };
		138F9D2829F2E73D00B9A248 /* SelectionKey.storyboard in Resources */ = {isa = PBXBuildFile; fileRef = 138F9D2329F2E73D00B9A248 /* SelectionKey.storyboard */; };
		138F9D2929F2E73D00B9A248 /* SelectionKeyContract.swift in Sources */ = {isa = PBXBuildFile; fileRef = 138F9D2429F2E73D00B9A248 /* SelectionKeyContract.swift */; };
		138F9D2A29F2E73D00B9A248 /* SelectionKeyPresenter.swift in Sources */ = {isa = PBXBuildFile; fileRef = 138F9D2529F2E73D00B9A248 /* SelectionKeyPresenter.swift */; };
		138F9D2B29F2E73D00B9A248 /* SelectionKeyViewController.swift in Sources */ = {isa = PBXBuildFile; fileRef = 138F9D2629F2E73D00B9A248 /* SelectionKeyViewController.swift */; };
		138F9D2C29F2E73D00B9A248 /* SelectionKeyBuilder.swift in Sources */ = {isa = PBXBuildFile; fileRef = 138F9D2729F2E73D00B9A248 /* SelectionKeyBuilder.swift */; };
		138F9D3029F2E89700B9A248 /* EncryptListKeysCell.swift in Sources */ = {isa = PBXBuildFile; fileRef = 138F9D2E29F2E89700B9A248 /* EncryptListKeysCell.swift */; };
		138F9D3129F2EAEC00B9A248 /* EncryptListKeysCell.xib in Resources */ = {isa = PBXBuildFile; fileRef = 138F9D2F29F2E89700B9A248 /* EncryptListKeysCell.xib */; };
		138F9D3829F2EF7500B9A248 /* Decrypt.storyboard in Resources */ = {isa = PBXBuildFile; fileRef = 138F9D3329F2EF7500B9A248 /* Decrypt.storyboard */; };
		138F9D3929F2EF7500B9A248 /* DecryptContract.swift in Sources */ = {isa = PBXBuildFile; fileRef = 138F9D3429F2EF7500B9A248 /* DecryptContract.swift */; };
		138F9D3A29F2EF7500B9A248 /* DecryptPresenter.swift in Sources */ = {isa = PBXBuildFile; fileRef = 138F9D3529F2EF7500B9A248 /* DecryptPresenter.swift */; };
		138F9D3B29F2EF7500B9A248 /* DecryptViewController.swift in Sources */ = {isa = PBXBuildFile; fileRef = 138F9D3629F2EF7500B9A248 /* DecryptViewController.swift */; };
		138F9D3C29F2EF7500B9A248 /* DecryptBuilder.swift in Sources */ = {isa = PBXBuildFile; fileRef = 138F9D3729F2EF7500B9A248 /* DecryptBuilder.swift */; };
		138F9D4329F3873700B9A248 /* Settings.storyboard in Resources */ = {isa = PBXBuildFile; fileRef = 138F9D3E29F3873700B9A248 /* Settings.storyboard */; };
		138F9D4429F3873700B9A248 /* SettingsContract.swift in Sources */ = {isa = PBXBuildFile; fileRef = 138F9D3F29F3873700B9A248 /* SettingsContract.swift */; };
		138F9D4529F3873700B9A248 /* SettingsPresenter.swift in Sources */ = {isa = PBXBuildFile; fileRef = 138F9D4029F3873700B9A248 /* SettingsPresenter.swift */; };
		138F9D4629F3873700B9A248 /* SettingsViewController.swift in Sources */ = {isa = PBXBuildFile; fileRef = 138F9D4129F3873700B9A248 /* SettingsViewController.swift */; };
		138F9D4729F3873700B9A248 /* SettingsBuilder.swift in Sources */ = {isa = PBXBuildFile; fileRef = 138F9D4229F3873700B9A248 /* SettingsBuilder.swift */; };
		7ECC7AD929F13CD000BCE6CA /* UIViewController+Toast.swift in Sources */ = {isa = PBXBuildFile; fileRef = 7ECC7AD829F13CD000BCE6CA /* UIViewController+Toast.swift */; };
		88500C5360B56772CE743C7A /* Pods_PGP_example.framework in Frameworks */ = {isa = PBXBuildFile; fileRef = 6448C54FD80CD4D40E30F364 /* Pods_PGP_example.framework */; };
/* End PBXBuildFile section */

/* Begin PBXFileReference section */
		138F9C7E29F03B2000B9A248 /* PGP-example.app */ = {isa = PBXFileReference; explicitFileType = wrapper.application; includeInIndex = 0; path = "PGP-example.app"; sourceTree = BUILT_PRODUCTS_DIR; };
		138F9C9829F03B4B00B9A248 /* TabBarPresenter.swift */ = {isa = PBXFileReference; fileEncoding = 4; lastKnownFileType = sourcecode.swift; path = TabBarPresenter.swift; sourceTree = "<group>"; };
		138F9C9A29F03B4B00B9A248 /* TabBarBuilder.swift */ = {isa = PBXFileReference; fileEncoding = 4; lastKnownFileType = sourcecode.swift; path = TabBarBuilder.swift; sourceTree = "<group>"; };
		138F9C9B29F03B4B00B9A248 /* TabBarViewController.swift */ = {isa = PBXFileReference; fileEncoding = 4; lastKnownFileType = sourcecode.swift; path = TabBarViewController.swift; sourceTree = "<group>"; };
		138F9C9C29F03B4B00B9A248 /* TabBarContract.swift */ = {isa = PBXFileReference; fileEncoding = 4; lastKnownFileType = sourcecode.swift; path = TabBarContract.swift; sourceTree = "<group>"; };
		138F9C9E29F03B4B00B9A248 /* GenerateKeysPresenter.swift */ = {isa = PBXFileReference; fileEncoding = 4; lastKnownFileType = sourcecode.swift; path = GenerateKeysPresenter.swift; sourceTree = "<group>"; };
		138F9C9F29F03B4B00B9A248 /* GenerateKeysBuilder.swift */ = {isa = PBXFileReference; fileEncoding = 4; lastKnownFileType = sourcecode.swift; path = GenerateKeysBuilder.swift; sourceTree = "<group>"; };
		138F9CA029F03B4B00B9A248 /* GenerateKeysContract.swift */ = {isa = PBXFileReference; fileEncoding = 4; lastKnownFileType = sourcecode.swift; path = GenerateKeysContract.swift; sourceTree = "<group>"; };
		138F9CA129F03B4B00B9A248 /* GenerateKeysViewController.swift */ = {isa = PBXFileReference; fileEncoding = 4; lastKnownFileType = sourcecode.swift; path = GenerateKeysViewController.swift; sourceTree = "<group>"; };
		138F9CA229F03B4B00B9A248 /* GenerateKeys.storyboard */ = {isa = PBXFileReference; fileEncoding = 4; lastKnownFileType = file.storyboard; path = GenerateKeys.storyboard; sourceTree = "<group>"; };
		138F9CA429F03B4B00B9A248 /* AppRouter.swift */ = {isa = PBXFileReference; fileEncoding = 4; lastKnownFileType = sourcecode.swift; path = AppRouter.swift; sourceTree = "<group>"; };
		138F9CA529F03B4B00B9A248 /* AppDelegate.swift */ = {isa = PBXFileReference; fileEncoding = 4; lastKnownFileType = sourcecode.swift; path = AppDelegate.swift; sourceTree = "<group>"; };
		138F9CA629F03B4B00B9A248 /* SceneDelegate.swift */ = {isa = PBXFileReference; fileEncoding = 4; lastKnownFileType = sourcecode.swift; path = SceneDelegate.swift; sourceTree = "<group>"; };
		138F9CA829F03B4B00B9A248 /* UIViewController+Extensions.swift */ = {isa = PBXFileReference; fileEncoding = 4; lastKnownFileType = sourcecode.swift; path = "UIViewController+Extensions.swift"; sourceTree = "<group>"; };
		138F9CA929F03B4B00B9A248 /* UIView+Extensions.swift */ = {isa = PBXFileReference; fileEncoding = 4; lastKnownFileType = sourcecode.swift; path = "UIView+Extensions.swift"; sourceTree = "<group>"; };
		138F9CAA29F03B4B00B9A248 /* String+Extensions.swift */ = {isa = PBXFileReference; fileEncoding = 4; lastKnownFileType = sourcecode.swift; path = "String+Extensions.swift"; sourceTree = "<group>"; };
		138F9CAB29F03B4B00B9A248 /* UIApplication+Extensions.swift */ = {isa = PBXFileReference; fileEncoding = 4; lastKnownFileType = sourcecode.swift; path = "UIApplication+Extensions.swift"; sourceTree = "<group>"; };
		138F9CAD29F03B4B00B9A248 /* UICollectionViewCell+Extensions.swift */ = {isa = PBXFileReference; fileEncoding = 4; lastKnownFileType = sourcecode.swift; path = "UICollectionViewCell+Extensions.swift"; sourceTree = "<group>"; };
		138F9CAE29F03B4B00B9A248 /* UICollectionView+Extensions.swift */ = {isa = PBXFileReference; fileEncoding = 4; lastKnownFileType = sourcecode.swift; path = "UICollectionView+Extensions.swift"; sourceTree = "<group>"; };
		138F9CB029F03B4B00B9A248 /* UITableViewCell+Extension.swift */ = {isa = PBXFileReference; fileEncoding = 4; lastKnownFileType = sourcecode.swift; path = "UITableViewCell+Extension.swift"; sourceTree = "<group>"; };
		138F9CB129F03B4B00B9A248 /* UITableView+Extensions.swift */ = {isa = PBXFileReference; fileEncoding = 4; lastKnownFileType = sourcecode.swift; path = "UITableView+Extensions.swift"; sourceTree = "<group>"; };
		138F9CB229F03B4B00B9A248 /* Optional+Extensions.swift */ = {isa = PBXFileReference; fileEncoding = 4; lastKnownFileType = sourcecode.swift; path = "Optional+Extensions.swift"; sourceTree = "<group>"; };
		138F9CB429F03B4B00B9A248 /* BaseViewController.swift */ = {isa = PBXFileReference; fileEncoding = 4; lastKnownFileType = sourcecode.swift; path = BaseViewController.swift; sourceTree = "<group>"; };
		138F9CB529F03B4B00B9A248 /* BaseView.swift */ = {isa = PBXFileReference; fileEncoding = 4; lastKnownFileType = sourcecode.swift; path = BaseView.swift; sourceTree = "<group>"; };
		138F9CB629F03B4B00B9A248 /* BaseViewProtocol.swift */ = {isa = PBXFileReference; fileEncoding = 4; lastKnownFileType = sourcecode.swift; path = BaseViewProtocol.swift; sourceTree = "<group>"; };
		138F9CD229F03B5400B9A248 /* Info.plist */ = {isa = PBXFileReference; fileEncoding = 4; lastKnownFileType = text.plist.xml; path = Info.plist; sourceTree = "<group>"; };
		138F9CD329F03B5400B9A248 /* Assets.xcassets */ = {isa = PBXFileReference; lastKnownFileType = folder.assetcatalog; path = Assets.xcassets; sourceTree = "<group>"; };
		138F9CD529F03B5400B9A248 /* Base */ = {isa = PBXFileReference; lastKnownFileType = file.storyboard; name = Base; path = Base.lproj/LaunchScreen.storyboard; sourceTree = "<group>"; };
		138F9CDB29F03BBD00B9A248 /* SigningContract.swift */ = {isa = PBXFileReference; lastKnownFileType = sourcecode.swift; path = SigningContract.swift; sourceTree = "<group>"; };
		138F9CDC29F03BBD00B9A248 /* SigningPresenter.swift */ = {isa = PBXFileReference; lastKnownFileType = sourcecode.swift; path = SigningPresenter.swift; sourceTree = "<group>"; };
		138F9CDD29F03BBD00B9A248 /* SigningViewController.swift */ = {isa = PBXFileReference; lastKnownFileType = sourcecode.swift; path = SigningViewController.swift; sourceTree = "<group>"; };
		138F9CDE29F03BBD00B9A248 /* SigningBuilder.swift */ = {isa = PBXFileReference; lastKnownFileType = sourcecode.swift; path = SigningBuilder.swift; sourceTree = "<group>"; };
		138F9CE429F03E7600B9A248 /* Signing.storyboard */ = {isa = PBXFileReference; lastKnownFileType = file.storyboard; path = Signing.storyboard; sourceTree = "<group>"; };
		138F9CE729F0445000B9A248 /* VerifySignature.storyboard */ = {isa = PBXFileReference; lastKnownFileType = file.storyboard; path = VerifySignature.storyboard; sourceTree = "<group>"; };
		138F9CE829F0445000B9A248 /* VerifySignatureContract.swift */ = {isa = PBXFileReference; lastKnownFileType = sourcecode.swift; path = VerifySignatureContract.swift; sourceTree = "<group>"; };
		138F9CE929F0445000B9A248 /* VerifySignaturePresenter.swift */ = {isa = PBXFileReference; lastKnownFileType = sourcecode.swift; path = VerifySignaturePresenter.swift; sourceTree = "<group>"; };
		138F9CEA29F0445000B9A248 /* VerifySignatureViewController.swift */ = {isa = PBXFileReference; lastKnownFileType = sourcecode.swift; path = VerifySignatureViewController.swift; sourceTree = "<group>"; };
		138F9CEB29F0445000B9A248 /* VerifySignatureBuilder.swift */ = {isa = PBXFileReference; lastKnownFileType = sourcecode.swift; path = VerifySignatureBuilder.swift; sourceTree = "<group>"; };
		138F9CF229F1992B00B9A248 /* Encrypt.storyboard */ = {isa = PBXFileReference; lastKnownFileType = file.storyboard; path = Encrypt.storyboard; sourceTree = "<group>"; };
		138F9CF329F1992B00B9A248 /* EncryptContract.swift */ = {isa = PBXFileReference; lastKnownFileType = sourcecode.swift; path = EncryptContract.swift; sourceTree = "<group>"; };
		138F9CF429F1992B00B9A248 /* EncryptPresenter.swift */ = {isa = PBXFileReference; lastKnownFileType = sourcecode.swift; path = EncryptPresenter.swift; sourceTree = "<group>"; };
		138F9CF529F1992B00B9A248 /* EncryptViewController.swift */ = {isa = PBXFileReference; lastKnownFileType = sourcecode.swift; path = EncryptViewController.swift; sourceTree = "<group>"; };
		138F9CF629F1992B00B9A248 /* EncryptBuilder.swift */ = {isa = PBXFileReference; lastKnownFileType = sourcecode.swift; path = EncryptBuilder.swift; sourceTree = "<group>"; };
		138F9CFD29F2BEA400B9A248 /* ListKeys.storyboard */ = {isa = PBXFileReference; lastKnownFileType = file.storyboard; path = ListKeys.storyboard; sourceTree = "<group>"; };
		138F9CFE29F2BEA400B9A248 /* ListKeysContract.swift */ = {isa = PBXFileReference; lastKnownFileType = sourcecode.swift; path = ListKeysContract.swift; sourceTree = "<group>"; };
		138F9CFF29F2BEA400B9A248 /* ListKeysPresenter.swift */ = {isa = PBXFileReference; lastKnownFileType = sourcecode.swift; path = ListKeysPresenter.swift; sourceTree = "<group>"; };
		138F9D0029F2BEA400B9A248 /* ListKeysViewController.swift */ = {isa = PBXFileReference; lastKnownFileType = sourcecode.swift; path = ListKeysViewController.swift; sourceTree = "<group>"; };
		138F9D0129F2BEA400B9A248 /* ListKeysBuilder.swift */ = {isa = PBXFileReference; lastKnownFileType = sourcecode.swift; path = ListKeysBuilder.swift; sourceTree = "<group>"; };
		138F9D0829F2C15B00B9A248 /* ListKeysCell.swift */ = {isa = PBXFileReference; lastKnownFileType = sourcecode.swift; path = ListKeysCell.swift; sourceTree = "<group>"; };
		138F9D0929F2C15B00B9A248 /* ListKeysCell.xib */ = {isa = PBXFileReference; lastKnownFileType = file.xib; path = ListKeysCell.xib; sourceTree = "<group>"; };
		138F9D0E29F2C31E00B9A248 /* PGPService.swift */ = {isa = PBXFileReference; lastKnownFileType = sourcecode.swift; path = PGPService.swift; sourceTree = "<group>"; };
		138F9D1229F2D08F00B9A248 /* KeyDetail.storyboard */ = {isa = PBXFileReference; lastKnownFileType = file.storyboard; path = KeyDetail.storyboard; sourceTree = "<group>"; };
		138F9D1329F2D08F00B9A248 /* KeyDetailContract.swift */ = {isa = PBXFileReference; lastKnownFileType = sourcecode.swift; path = KeyDetailContract.swift; sourceTree = "<group>"; };
		138F9D1429F2D08F00B9A248 /* KeyDetailPresenter.swift */ = {isa = PBXFileReference; lastKnownFileType = sourcecode.swift; path = KeyDetailPresenter.swift; sourceTree = "<group>"; };
		138F9D1529F2D08F00B9A248 /* KeyDetailViewController.swift */ = {isa = PBXFileReference; lastKnownFileType = sourcecode.swift; path = KeyDetailViewController.swift; sourceTree = "<group>"; };
		138F9D1629F2D08F00B9A248 /* KeyDetailBuilder.swift */ = {isa = PBXFileReference; lastKnownFileType = sourcecode.swift; path = KeyDetailBuilder.swift; sourceTree = "<group>"; };
		138F9D1D29F2D99400B9A248 /* KeyDetailViewModel.swift */ = {isa = PBXFileReference; lastKnownFileType = sourcecode.swift; path = KeyDetailViewModel.swift; sourceTree = "<group>"; };
		138F9D1F29F2E04900B9A248 /* PGPKey+Extensions.swift */ = {isa = PBXFileReference; lastKnownFileType = sourcecode.swift; path = "PGPKey+Extensions.swift"; sourceTree = "<group>"; };
		138F9D2329F2E73D00B9A248 /* SelectionKey.storyboard */ = {isa = PBXFileReference; lastKnownFileType = file.storyboard; path = SelectionKey.storyboard; sourceTree = "<group>"; };
		138F9D2429F2E73D00B9A248 /* SelectionKeyContract.swift */ = {isa = PBXFileReference; lastKnownFileType = sourcecode.swift; path = SelectionKeyContract.swift; sourceTree = "<group>"; };
		138F9D2529F2E73D00B9A248 /* SelectionKeyPresenter.swift */ = {isa = PBXFileReference; lastKnownFileType = sourcecode.swift; path = SelectionKeyPresenter.swift; sourceTree = "<group>"; };
		138F9D2629F2E73D00B9A248 /* SelectionKeyViewController.swift */ = {isa = PBXFileReference; lastKnownFileType = sourcecode.swift; path = SelectionKeyViewController.swift; sourceTree = "<group>"; };
		138F9D2729F2E73D00B9A248 /* SelectionKeyBuilder.swift */ = {isa = PBXFileReference; lastKnownFileType = sourcecode.swift; path = SelectionKeyBuilder.swift; sourceTree = "<group>"; };
		138F9D2E29F2E89700B9A248 /* EncryptListKeysCell.swift */ = {isa = PBXFileReference; lastKnownFileType = sourcecode.swift; path = EncryptListKeysCell.swift; sourceTree = "<group>"; };
		138F9D2F29F2E89700B9A248 /* EncryptListKeysCell.xib */ = {isa = PBXFileReference; lastKnownFileType = file.xib; path = EncryptListKeysCell.xib; sourceTree = "<group>"; };
		138F9D3329F2EF7500B9A248 /* Decrypt.storyboard */ = {isa = PBXFileReference; lastKnownFileType = file.storyboard; path = Decrypt.storyboard; sourceTree = "<group>"; };
		138F9D3429F2EF7500B9A248 /* DecryptContract.swift */ = {isa = PBXFileReference; lastKnownFileType = sourcecode.swift; path = DecryptContract.swift; sourceTree = "<group>"; };
		138F9D3529F2EF7500B9A248 /* DecryptPresenter.swift */ = {isa = PBXFileReference; lastKnownFileType = sourcecode.swift; path = DecryptPresenter.swift; sourceTree = "<group>"; };
		138F9D3629F2EF7500B9A248 /* DecryptViewController.swift */ = {isa = PBXFileReference; lastKnownFileType = sourcecode.swift; path = DecryptViewController.swift; sourceTree = "<group>"; };
		138F9D3729F2EF7500B9A248 /* DecryptBuilder.swift */ = {isa = PBXFileReference; lastKnownFileType = sourcecode.swift; path = DecryptBuilder.swift; sourceTree = "<group>"; };
		138F9D3E29F3873700B9A248 /* Settings.storyboard */ = {isa = PBXFileReference; lastKnownFileType = file.storyboard; path = Settings.storyboard; sourceTree = "<group>"; };
		138F9D3F29F3873700B9A248 /* SettingsContract.swift */ = {isa = PBXFileReference; lastKnownFileType = sourcecode.swift; path = SettingsContract.swift; sourceTree = "<group>"; };
		138F9D4029F3873700B9A248 /* SettingsPresenter.swift */ = {isa = PBXFileReference; lastKnownFileType = sourcecode.swift; path = SettingsPresenter.swift; sourceTree = "<group>"; };
		138F9D4129F3873700B9A248 /* SettingsViewController.swift */ = {isa = PBXFileReference; lastKnownFileType = sourcecode.swift; path = SettingsViewController.swift; sourceTree = "<group>"; };
		138F9D4229F3873700B9A248 /* SettingsBuilder.swift */ = {isa = PBXFileReference; lastKnownFileType = sourcecode.swift; path = SettingsBuilder.swift; sourceTree = "<group>"; };
		6448C54FD80CD4D40E30F364 /* Pods_PGP_example.framework */ = {isa = PBXFileReference; explicitFileType = wrapper.framework; includeInIndex = 0; path = Pods_PGP_example.framework; sourceTree = BUILT_PRODUCTS_DIR; };
		7ECC7AD829F13CD000BCE6CA /* UIViewController+Toast.swift */ = {isa = PBXFileReference; lastKnownFileType = sourcecode.swift; path = "UIViewController+Toast.swift"; sourceTree = "<group>"; };
		9A5FD9CDB933CA3F5189F737 /* Pods-PGP-example.release.xcconfig */ = {isa = PBXFileReference; includeInIndex = 1; lastKnownFileType = text.xcconfig; name = "Pods-PGP-example.release.xcconfig"; path = "Target Support Files/Pods-PGP-example/Pods-PGP-example.release.xcconfig"; sourceTree = "<group>"; };
		C1CD1FE1DFDE8D2D50E3BFFE /* Pods-PGP-example.debug.xcconfig */ = {isa = PBXFileReference; includeInIndex = 1; lastKnownFileType = text.xcconfig; name = "Pods-PGP-example.debug.xcconfig"; path = "Target Support Files/Pods-PGP-example/Pods-PGP-example.debug.xcconfig"; sourceTree = "<group>"; };
/* End PBXFileReference section */

/* Begin PBXFrameworksBuildPhase section */
		138F9C7B29F03B2000B9A248 /* Frameworks */ = {
			isa = PBXFrameworksBuildPhase;
			buildActionMask = 2147483647;
			files = (
				88500C5360B56772CE743C7A /* Pods_PGP_example.framework in Frameworks */,
			);
			runOnlyForDeploymentPostprocessing = 0;
		};
/* End PBXFrameworksBuildPhase section */

/* Begin PBXGroup section */
		138F9C7529F03B2000B9A248 = {
			isa = PBXGroup;
			children = (
				138F9C8029F03B2000B9A248 /* PGP-example */,
				138F9C7F29F03B2000B9A248 /* Products */,
				DF545658B882C21D4AF9EB2D /* Pods */,
				A1FA006779474937552C68F1 /* Frameworks */,
			);
			sourceTree = "<group>";
		};
		138F9C7F29F03B2000B9A248 /* Products */ = {
			isa = PBXGroup;
			children = (
				138F9C7E29F03B2000B9A248 /* PGP-example.app */,
			);
			name = Products;
			sourceTree = "<group>";
		};
		138F9C8029F03B2000B9A248 /* PGP-example */ = {
			isa = PBXGroup;
			children = (
				138F9C9529F03B4B00B9A248 /* Classes */,
				138F9CD029F03B5400B9A248 /* Resources */,
			);
			path = "PGP-example";
			sourceTree = "<group>";
		};
		138F9C9529F03B4B00B9A248 /* Classes */ = {
			isa = PBXGroup;
			children = (
				138F9CA329F03B4B00B9A248 /* App */,
				138F9C9629F03B4B00B9A248 /* Scenes */,
				138F9D0C29F2C2EC00B9A248 /* Services */,
				138F9CA729F03B4B00B9A248 /* Extensions */,
				138F9CB329F03B4B00B9A248 /* Base */,
			);
			path = Classes;
			sourceTree = "<group>";
		};
		138F9C9629F03B4B00B9A248 /* Scenes */ = {
			isa = PBXGroup;
			children = (
				138F9D1029F2D07300B9A248 /* KeyModule */,
				138F9CD929F03BA700B9A248 /* Signing */,
				138F9CF129F1991900B9A248 /* Encrypt */,
				138F9D3229F2EF6100B9A248 /* Decrypt */,
				138F9D2229F2E70E00B9A248 /* SelectionKey */,
				138F9CE629F0442500B9A248 /* VerifySignature */,
				138F9D3D29F3872800B9A248 /* Settings */,
				138F9C9729F03B4B00B9A248 /* TabBar */,
			);
			path = Scenes;
			sourceTree = "<group>";
		};
		138F9C9729F03B4B00B9A248 /* TabBar */ = {
			isa = PBXGroup;
			children = (
				138F9C9C29F03B4B00B9A248 /* TabBarContract.swift */,
				138F9C9829F03B4B00B9A248 /* TabBarPresenter.swift */,
				138F9C9B29F03B4B00B9A248 /* TabBarViewController.swift */,
				138F9C9A29F03B4B00B9A248 /* TabBarBuilder.swift */,
			);
			path = TabBar;
			sourceTree = "<group>";
		};
		138F9C9D29F03B4B00B9A248 /* GenerateKeys */ = {
			isa = PBXGroup;
			children = (
				138F9CA229F03B4B00B9A248 /* GenerateKeys.storyboard */,
				138F9CA029F03B4B00B9A248 /* GenerateKeysContract.swift */,
				138F9C9E29F03B4B00B9A248 /* GenerateKeysPresenter.swift */,
				138F9CA129F03B4B00B9A248 /* GenerateKeysViewController.swift */,
				138F9C9F29F03B4B00B9A248 /* GenerateKeysBuilder.swift */,
			);
			path = GenerateKeys;
			sourceTree = "<group>";
		};
		138F9CA329F03B4B00B9A248 /* App */ = {
			isa = PBXGroup;
			children = (
				138F9CA529F03B4B00B9A248 /* AppDelegate.swift */,
				138F9CA629F03B4B00B9A248 /* SceneDelegate.swift */,
				138F9CA429F03B4B00B9A248 /* AppRouter.swift */,
			);
			path = App;
			sourceTree = "<group>";
		};
		138F9CA729F03B4B00B9A248 /* Extensions */ = {
			isa = PBXGroup;
			children = (
				7ECC7AD729F13CB900BCE6CA /* UIViewController */,
				138F9CAC29F03B4B00B9A248 /* UICollectionView */,
				138F9CAF29F03B4B00B9A248 /* UITableView */,
				138F9CA929F03B4B00B9A248 /* UIView+Extensions.swift */,
				138F9CAB29F03B4B00B9A248 /* UIApplication+Extensions.swift */,
				138F9CAA29F03B4B00B9A248 /* String+Extensions.swift */,
				138F9CB229F03B4B00B9A248 /* Optional+Extensions.swift */,
			);
			path = Extensions;
			sourceTree = "<group>";
		};
		138F9CAC29F03B4B00B9A248 /* UICollectionView */ = {
			isa = PBXGroup;
			children = (
				138F9CAD29F03B4B00B9A248 /* UICollectionViewCell+Extensions.swift */,
				138F9CAE29F03B4B00B9A248 /* UICollectionView+Extensions.swift */,
			);
			path = UICollectionView;
			sourceTree = "<group>";
		};
		138F9CAF29F03B4B00B9A248 /* UITableView */ = {
			isa = PBXGroup;
			children = (
				138F9CB029F03B4B00B9A248 /* UITableViewCell+Extension.swift */,
				138F9CB129F03B4B00B9A248 /* UITableView+Extensions.swift */,
			);
			path = UITableView;
			sourceTree = "<group>";
		};
		138F9CB329F03B4B00B9A248 /* Base */ = {
			isa = PBXGroup;
			children = (
				138F9CB529F03B4B00B9A248 /* BaseView.swift */,
				138F9CB429F03B4B00B9A248 /* BaseViewController.swift */,
				138F9CB629F03B4B00B9A248 /* BaseViewProtocol.swift */,
			);
			path = Base;
			sourceTree = "<group>";
		};
		138F9CD029F03B5400B9A248 /* Resources */ = {
			isa = PBXGroup;
			children = (
				138F9CD129F03B5400B9A248 /* Plist */,
				138F9CD329F03B5400B9A248 /* Assets.xcassets */,
				138F9CD429F03B5400B9A248 /* LaunchScreen.storyboard */,
			);
			path = Resources;
			sourceTree = "<group>";
		};
		138F9CD129F03B5400B9A248 /* Plist */ = {
			isa = PBXGroup;
			children = (
				138F9CD229F03B5400B9A248 /* Info.plist */,
			);
			path = Plist;
			sourceTree = "<group>";
		};
		138F9CD929F03BA700B9A248 /* Signing */ = {
			isa = PBXGroup;
			children = (
				138F9CE429F03E7600B9A248 /* Signing.storyboard */,
				138F9CDB29F03BBD00B9A248 /* SigningContract.swift */,
				138F9CDC29F03BBD00B9A248 /* SigningPresenter.swift */,
				138F9CDD29F03BBD00B9A248 /* SigningViewController.swift */,
				138F9CDE29F03BBD00B9A248 /* SigningBuilder.swift */,
			);
			path = Signing;
			sourceTree = "<group>";
		};
		138F9CE629F0442500B9A248 /* VerifySignature */ = {
			isa = PBXGroup;
			children = (
				138F9CE729F0445000B9A248 /* VerifySignature.storyboard */,
				138F9CE829F0445000B9A248 /* VerifySignatureContract.swift */,
				138F9CE929F0445000B9A248 /* VerifySignaturePresenter.swift */,
				138F9CEA29F0445000B9A248 /* VerifySignatureViewController.swift */,
				138F9CEB29F0445000B9A248 /* VerifySignatureBuilder.swift */,
			);
			path = VerifySignature;
			sourceTree = "<group>";
		};
		138F9CF129F1991900B9A248 /* Encrypt */ = {
			isa = PBXGroup;
			children = (
				138F9CF229F1992B00B9A248 /* Encrypt.storyboard */,
				138F9CF329F1992B00B9A248 /* EncryptContract.swift */,
				138F9CF429F1992B00B9A248 /* EncryptPresenter.swift */,
				138F9CF529F1992B00B9A248 /* EncryptViewController.swift */,
				138F9CF629F1992B00B9A248 /* EncryptBuilder.swift */,
			);
			path = Encrypt;
			sourceTree = "<group>";
		};
		138F9CFC29F2BE9500B9A248 /* ListKeys */ = {
			isa = PBXGroup;
			children = (
				138F9D0729F2C14E00B9A248 /* Cell */,
				138F9CFD29F2BEA400B9A248 /* ListKeys.storyboard */,
				138F9CFE29F2BEA400B9A248 /* ListKeysContract.swift */,
				138F9CFF29F2BEA400B9A248 /* ListKeysPresenter.swift */,
				138F9D0029F2BEA400B9A248 /* ListKeysViewController.swift */,
				138F9D0129F2BEA400B9A248 /* ListKeysBuilder.swift */,
			);
			path = ListKeys;
			sourceTree = "<group>";
		};
		138F9D0729F2C14E00B9A248 /* Cell */ = {
			isa = PBXGroup;
			children = (
				138F9D0829F2C15B00B9A248 /* ListKeysCell.swift */,
				138F9D0929F2C15B00B9A248 /* ListKeysCell.xib */,
			);
			path = Cell;
			sourceTree = "<group>";
		};
		138F9D0C29F2C2EC00B9A248 /* Services */ = {
			isa = PBXGroup;
			children = (
				138F9D0D29F2C2F500B9A248 /* PGP */,
			);
			path = Services;
			sourceTree = "<group>";
		};
		138F9D0D29F2C2F500B9A248 /* PGP */ = {
			isa = PBXGroup;
			children = (
				138F9D0E29F2C31E00B9A248 /* PGPService.swift */,
				138F9D1F29F2E04900B9A248 /* PGPKey+Extensions.swift */,
			);
			path = PGP;
			sourceTree = "<group>";
		};
		138F9D1029F2D07300B9A248 /* KeyModule */ = {
			isa = PBXGroup;
			children = (
				138F9CFC29F2BE9500B9A248 /* ListKeys */,
				138F9D1129F2D07E00B9A248 /* KeyDetail */,
				138F9C9D29F03B4B00B9A248 /* GenerateKeys */,
			);
			path = KeyModule;
			sourceTree = "<group>";
		};
		138F9D1129F2D07E00B9A248 /* KeyDetail */ = {
			isa = PBXGroup;
			children = (
				138F9D1C29F2D98C00B9A248 /* ViewModel */,
				138F9D1229F2D08F00B9A248 /* KeyDetail.storyboard */,
				138F9D1329F2D08F00B9A248 /* KeyDetailContract.swift */,
				138F9D1429F2D08F00B9A248 /* KeyDetailPresenter.swift */,
				138F9D1529F2D08F00B9A248 /* KeyDetailViewController.swift */,
				138F9D1629F2D08F00B9A248 /* KeyDetailBuilder.swift */,
			);
			path = KeyDetail;
			sourceTree = "<group>";
		};
		138F9D1C29F2D98C00B9A248 /* ViewModel */ = {
			isa = PBXGroup;
			children = (
				138F9D1D29F2D99400B9A248 /* KeyDetailViewModel.swift */,
			);
			path = ViewModel;
			sourceTree = "<group>";
		};
		138F9D2229F2E70E00B9A248 /* SelectionKey */ = {
			isa = PBXGroup;
			children = (
				138F9D2D29F2E89700B9A248 /* Cell */,
				138F9D2329F2E73D00B9A248 /* SelectionKey.storyboard */,
				138F9D2429F2E73D00B9A248 /* SelectionKeyContract.swift */,
				138F9D2529F2E73D00B9A248 /* SelectionKeyPresenter.swift */,
				138F9D2629F2E73D00B9A248 /* SelectionKeyViewController.swift */,
				138F9D2729F2E73D00B9A248 /* SelectionKeyBuilder.swift */,
			);
			path = SelectionKey;
			sourceTree = "<group>";
		};
		138F9D2D29F2E89700B9A248 /* Cell */ = {
			isa = PBXGroup;
			children = (
				138F9D2E29F2E89700B9A248 /* EncryptListKeysCell.swift */,
				138F9D2F29F2E89700B9A248 /* EncryptListKeysCell.xib */,
			);
			path = Cell;
			sourceTree = "<group>";
		};
		138F9D3229F2EF6100B9A248 /* Decrypt */ = {
			isa = PBXGroup;
			children = (
				138F9D3329F2EF7500B9A248 /* Decrypt.storyboard */,
				138F9D3429F2EF7500B9A248 /* DecryptContract.swift */,
				138F9D3529F2EF7500B9A248 /* DecryptPresenter.swift */,
				138F9D3629F2EF7500B9A248 /* DecryptViewController.swift */,
				138F9D3729F2EF7500B9A248 /* DecryptBuilder.swift */,
			);
			path = Decrypt;
			sourceTree = "<group>";
		};
		138F9D3D29F3872800B9A248 /* Settings */ = {
			isa = PBXGroup;
			children = (
				138F9D3E29F3873700B9A248 /* Settings.storyboard */,
				138F9D3F29F3873700B9A248 /* SettingsContract.swift */,
				138F9D4029F3873700B9A248 /* SettingsPresenter.swift */,
				138F9D4129F3873700B9A248 /* SettingsViewController.swift */,
				138F9D4229F3873700B9A248 /* SettingsBuilder.swift */,
			);
			path = Settings;
			sourceTree = "<group>";
		};
		7ECC7AD729F13CB900BCE6CA /* UIViewController */ = {
			isa = PBXGroup;
			children = (
				138F9CA829F03B4B00B9A248 /* UIViewController+Extensions.swift */,
				7ECC7AD829F13CD000BCE6CA /* UIViewController+Toast.swift */,
			);
			path = UIViewController;
			sourceTree = "<group>";
		};
		A1FA006779474937552C68F1 /* Frameworks */ = {
			isa = PBXGroup;
			children = (
				6448C54FD80CD4D40E30F364 /* Pods_PGP_example.framework */,
			);
			name = Frameworks;
			sourceTree = "<group>";
		};
		DF545658B882C21D4AF9EB2D /* Pods */ = {
			isa = PBXGroup;
			children = (
				C1CD1FE1DFDE8D2D50E3BFFE /* Pods-PGP-example.debug.xcconfig */,
				9A5FD9CDB933CA3F5189F737 /* Pods-PGP-example.release.xcconfig */,
			);
			path = Pods;
			sourceTree = "<group>";
		};
/* End PBXGroup section */

/* Begin PBXNativeTarget section */
		138F9C7D29F03B2000B9A248 /* PGP-example */ = {
			isa = PBXNativeTarget;
			buildConfigurationList = 138F9C9229F03B2100B9A248 /* Build configuration list for PBXNativeTarget "PGP-example" */;
			buildPhases = (
				3F8BB76049E254199621B11C /* [CP] Check Pods Manifest.lock */,
				138F9C7A29F03B2000B9A248 /* Sources */,
				138F9C7B29F03B2000B9A248 /* Frameworks */,
				138F9C7C29F03B2000B9A248 /* Resources */,
				89D9E6638C9918F8A5BC80F4 /* [CP] Embed Pods Frameworks */,
			);
			buildRules = (
			);
			dependencies = (
			);
			name = "PGP-example";
			productName = "PGP-example";
			productReference = 138F9C7E29F03B2000B9A248 /* PGP-example.app */;
			productType = "com.apple.product-type.application";
		};
/* End PBXNativeTarget section */

/* Begin PBXProject section */
		138F9C7629F03B2000B9A248 /* Project object */ = {
			isa = PBXProject;
			attributes = {
				BuildIndependentTargetsInParallel = 1;
				LastSwiftUpdateCheck = 1430;
				LastUpgradeCheck = 1430;
				TargetAttributes = {
					138F9C7D29F03B2000B9A248 = {
						CreatedOnToolsVersion = 14.3;
					};
				};
			};
			buildConfigurationList = 138F9C7929F03B2000B9A248 /* Build configuration list for PBXProject "PGP-example" */;
			compatibilityVersion = "Xcode 14.0";
			developmentRegion = en;
			hasScannedForEncodings = 0;
			knownRegions = (
				en,
				Base,
			);
			mainGroup = 138F9C7529F03B2000B9A248;
			productRefGroup = 138F9C7F29F03B2000B9A248 /* Products */;
			projectDirPath = "";
			projectRoot = "";
			targets = (
				138F9C7D29F03B2000B9A248 /* PGP-example */,
			);
		};
/* End PBXProject section */

/* Begin PBXResourcesBuildPhase section */
		138F9C7C29F03B2000B9A248 /* Resources */ = {
			isa = PBXResourcesBuildPhase;
			buildActionMask = 2147483647;
			files = (
				138F9D3829F2EF7500B9A248 /* Decrypt.storyboard in Resources */,
				138F9D2829F2E73D00B9A248 /* SelectionKey.storyboard in Resources */,
				138F9CE529F03E7600B9A248 /* Signing.storyboard in Resources */,
				138F9D0B29F2C15B00B9A248 /* ListKeysCell.xib in Resources */,
				138F9CC029F03B4C00B9A248 /* GenerateKeys.storyboard in Resources */,
				138F9D3129F2EAEC00B9A248 /* EncryptListKeysCell.xib in Resources */,
				138F9D1729F2D08F00B9A248 /* KeyDetail.storyboard in Resources */,
				138F9CD729F03B5400B9A248 /* Assets.xcassets in Resources */,
				138F9CD829F03B5400B9A248 /* LaunchScreen.storyboard in Resources */,
				138F9CF729F1992B00B9A248 /* Encrypt.storyboard in Resources */,
				138F9CEC29F0445000B9A248 /* VerifySignature.storyboard in Resources */,
				138F9D4329F3873700B9A248 /* Settings.storyboard in Resources */,
				138F9D0229F2BEA400B9A248 /* ListKeys.storyboard in Resources */,
			);
			runOnlyForDeploymentPostprocessing = 0;
		};
/* End PBXResourcesBuildPhase section */

/* Begin PBXShellScriptBuildPhase section */
		3F8BB76049E254199621B11C /* [CP] Check Pods Manifest.lock */ = {
			isa = PBXShellScriptBuildPhase;
			buildActionMask = 2147483647;
			files = (
			);
			inputFileListPaths = (
			);
			inputPaths = (
				"${PODS_PODFILE_DIR_PATH}/Podfile.lock",
				"${PODS_ROOT}/Manifest.lock",
			);
			name = "[CP] Check Pods Manifest.lock";
			outputFileListPaths = (
			);
			outputPaths = (
				"$(DERIVED_FILE_DIR)/Pods-PGP-example-checkManifestLockResult.txt",
			);
			runOnlyForDeploymentPostprocessing = 0;
			shellPath = /bin/sh;
			shellScript = "diff \"${PODS_PODFILE_DIR_PATH}/Podfile.lock\" \"${PODS_ROOT}/Manifest.lock\" > /dev/null\nif [ $? != 0 ] ; then\n    # print error to STDERR\n    echo \"error: The sandbox is not in sync with the Podfile.lock. Run 'pod install' or update your CocoaPods installation.\" >&2\n    exit 1\nfi\n# This output is used by Xcode 'outputs' to avoid re-running this script phase.\necho \"SUCCESS\" > \"${SCRIPT_OUTPUT_FILE_0}\"\n";
			showEnvVarsInLog = 0;
		};
		89D9E6638C9918F8A5BC80F4 /* [CP] Embed Pods Frameworks */ = {
			isa = PBXShellScriptBuildPhase;
			buildActionMask = 2147483647;
			files = (
			);
			inputFileListPaths = (
				"${PODS_ROOT}/Target Support Files/Pods-PGP-example/Pods-PGP-example-frameworks-${CONFIGURATION}-input-files.xcfilelist",
			);
			name = "[CP] Embed Pods Frameworks";
			outputFileListPaths = (
				"${PODS_ROOT}/Target Support Files/Pods-PGP-example/Pods-PGP-example-frameworks-${CONFIGURATION}-output-files.xcfilelist",
			);
			runOnlyForDeploymentPostprocessing = 0;
			shellPath = /bin/sh;
			shellScript = "\"${PODS_ROOT}/Target Support Files/Pods-PGP-example/Pods-PGP-example-frameworks.sh\"\n";
			showEnvVarsInLog = 0;
		};
/* End PBXShellScriptBuildPhase section */

/* Begin PBXSourcesBuildPhase section */
		138F9C7A29F03B2000B9A248 /* Sources */ = {
			isa = PBXSourcesBuildPhase;
			buildActionMask = 2147483647;
			files = (
				138F9CE129F03BBD00B9A248 /* SigningPresenter.swift in Sources */,
				138F9D2B29F2E73D00B9A248 /* SelectionKeyViewController.swift in Sources */,
				138F9CC829F03B4C00B9A248 /* UICollectionViewCell+Extensions.swift in Sources */,
				138F9D3929F2EF7500B9A248 /* DecryptContract.swift in Sources */,
				138F9D2C29F2E73D00B9A248 /* SelectionKeyBuilder.swift in Sources */,
				138F9D0A29F2C15B00B9A248 /* ListKeysCell.swift in Sources */,
				138F9D2929F2E73D00B9A248 /* SelectionKeyContract.swift in Sources */,
				138F9CCC29F03B4C00B9A248 /* Optional+Extensions.swift in Sources */,
				138F9CC929F03B4C00B9A248 /* UICollectionView+Extensions.swift in Sources */,
				138F9CB729F03B4C00B9A248 /* TabBarPresenter.swift in Sources */,
				138F9CBC29F03B4C00B9A248 /* GenerateKeysPresenter.swift in Sources */,
				138F9CEF29F0445000B9A248 /* VerifySignatureViewController.swift in Sources */,
				138F9CFB29F1992B00B9A248 /* EncryptBuilder.swift in Sources */,
				138F9CE229F03BBD00B9A248 /* SigningViewController.swift in Sources */,
				138F9CCD29F03B4C00B9A248 /* BaseViewController.swift in Sources */,
				138F9CBF29F03B4C00B9A248 /* GenerateKeysViewController.swift in Sources */,
				138F9D3B29F2EF7500B9A248 /* DecryptViewController.swift in Sources */,
				7ECC7AD929F13CD000BCE6CA /* UIViewController+Toast.swift in Sources */,
				138F9CBD29F03B4C00B9A248 /* GenerateKeysBuilder.swift in Sources */,
				138F9CC429F03B4C00B9A248 /* UIViewController+Extensions.swift in Sources */,
				138F9D4529F3873700B9A248 /* SettingsPresenter.swift in Sources */,
				138F9D0F29F2C31E00B9A248 /* PGPService.swift in Sources */,
				138F9CCE29F03B4C00B9A248 /* BaseView.swift in Sources */,
				138F9D4629F3873700B9A248 /* SettingsViewController.swift in Sources */,
				138F9CE329F03BBD00B9A248 /* SigningBuilder.swift in Sources */,
				138F9D0329F2BEA400B9A248 /* ListKeysContract.swift in Sources */,
				138F9CC729F03B4C00B9A248 /* UIApplication+Extensions.swift in Sources */,
				138F9D1A29F2D08F00B9A248 /* KeyDetailViewController.swift in Sources */,
				138F9CC529F03B4C00B9A248 /* UIView+Extensions.swift in Sources */,
				138F9D1B29F2D08F00B9A248 /* KeyDetailBuilder.swift in Sources */,
				138F9CBE29F03B4C00B9A248 /* GenerateKeysContract.swift in Sources */,
				138F9CC129F03B4C00B9A248 /* AppRouter.swift in Sources */,
				138F9D4729F3873700B9A248 /* SettingsBuilder.swift in Sources */,
				138F9D4429F3873700B9A248 /* SettingsContract.swift in Sources */,
				138F9CEE29F0445000B9A248 /* VerifySignaturePresenter.swift in Sources */,
				138F9D3029F2E89700B9A248 /* EncryptListKeysCell.swift in Sources */,
				138F9CED29F0445000B9A248 /* VerifySignatureContract.swift in Sources */,
				138F9D1829F2D08F00B9A248 /* KeyDetailContract.swift in Sources */,
				138F9CC629F03B4C00B9A248 /* String+Extensions.swift in Sources */,
				138F9CBB29F03B4C00B9A248 /* TabBarContract.swift in Sources */,
				138F9CCA29F03B4C00B9A248 /* UITableViewCell+Extension.swift in Sources */,
				138F9CC329F03B4C00B9A248 /* SceneDelegate.swift in Sources */,
				138F9CF029F0445000B9A248 /* VerifySignatureBuilder.swift in Sources */,
				138F9D1929F2D08F00B9A248 /* KeyDetailPresenter.swift in Sources */,
				138F9D3A29F2EF7500B9A248 /* DecryptPresenter.swift in Sources */,
				138F9CCF29F03B4C00B9A248 /* BaseViewProtocol.swift in Sources */,
				138F9D1E29F2D99400B9A248 /* KeyDetailViewModel.swift in Sources */,
				138F9D0529F2BEA400B9A248 /* ListKeysViewController.swift in Sources */,
				138F9CCB29F03B4C00B9A248 /* UITableView+Extensions.swift in Sources */,
				138F9D3C29F2EF7500B9A248 /* DecryptBuilder.swift in Sources */,
				138F9D0629F2BEA400B9A248 /* ListKeysBuilder.swift in Sources */,
				138F9CBA29F03B4C00B9A248 /* TabBarViewController.swift in Sources */,
				138F9CFA29F1992B00B9A248 /* EncryptViewController.swift in Sources */,
				138F9D0429F2BEA400B9A248 /* ListKeysPresenter.swift in Sources */,
				138F9CF829F1992B00B9A248 /* EncryptContract.swift in Sources */,
				138F9CF929F1992B00B9A248 /* EncryptPresenter.swift in Sources */,
				138F9CE029F03BBD00B9A248 /* SigningContract.swift in Sources */,
				138F9D2029F2E04900B9A248 /* PGPKey+Extensions.swift in Sources */,
				138F9CC229F03B4C00B9A248 /* AppDelegate.swift in Sources */,
				138F9D2A29F2E73D00B9A248 /* SelectionKeyPresenter.swift in Sources */,
				138F9CB929F03B4C00B9A248 /* TabBarBuilder.swift in Sources */,
			);
			runOnlyForDeploymentPostprocessing = 0;
		};
/* End PBXSourcesBuildPhase section */

/* Begin PBXVariantGroup section */
		138F9CD429F03B5400B9A248 /* LaunchScreen.storyboard */ = {
			isa = PBXVariantGroup;
			children = (
				138F9CD529F03B5400B9A248 /* Base */,
			);
			name = LaunchScreen.storyboard;
			sourceTree = "<group>";
		};
/* End PBXVariantGroup section */

/* Begin XCBuildConfiguration section */
		138F9C9029F03B2100B9A248 /* Debug */ = {
			isa = XCBuildConfiguration;
			buildSettings = {
				ALWAYS_SEARCH_USER_PATHS = NO;
				CLANG_ANALYZER_NONNULL = YES;
				CLANG_ANALYZER_NUMBER_OBJECT_CONVERSION = YES_AGGRESSIVE;
				CLANG_CXX_LANGUAGE_STANDARD = "gnu++20";
				CLANG_ENABLE_MODULES = YES;
				CLANG_ENABLE_OBJC_ARC = YES;
				CLANG_ENABLE_OBJC_WEAK = YES;
				CLANG_WARN_BLOCK_CAPTURE_AUTORELEASING = YES;
				CLANG_WARN_BOOL_CONVERSION = YES;
				CLANG_WARN_COMMA = YES;
				CLANG_WARN_CONSTANT_CONVERSION = YES;
				CLANG_WARN_DEPRECATED_OBJC_IMPLEMENTATIONS = YES;
				CLANG_WARN_DIRECT_OBJC_ISA_USAGE = YES_ERROR;
				CLANG_WARN_DOCUMENTATION_COMMENTS = YES;
				CLANG_WARN_EMPTY_BODY = YES;
				CLANG_WARN_ENUM_CONVERSION = YES;
				CLANG_WARN_INFINITE_RECURSION = YES;
				CLANG_WARN_INT_CONVERSION = YES;
				CLANG_WARN_NON_LITERAL_NULL_CONVERSION = YES;
				CLANG_WARN_OBJC_IMPLICIT_RETAIN_SELF = YES;
				CLANG_WARN_OBJC_LITERAL_CONVERSION = YES;
				CLANG_WARN_OBJC_ROOT_CLASS = YES_ERROR;
				CLANG_WARN_QUOTED_INCLUDE_IN_FRAMEWORK_HEADER = YES;
				CLANG_WARN_RANGE_LOOP_ANALYSIS = YES;
				CLANG_WARN_STRICT_PROTOTYPES = YES;
				CLANG_WARN_SUSPICIOUS_MOVE = YES;
				CLANG_WARN_UNGUARDED_AVAILABILITY = YES_AGGRESSIVE;
				CLANG_WARN_UNREACHABLE_CODE = YES;
				CLANG_WARN__DUPLICATE_METHOD_MATCH = YES;
				COPY_PHASE_STRIP = NO;
				DEBUG_INFORMATION_FORMAT = dwarf;
				ENABLE_STRICT_OBJC_MSGSEND = YES;
				ENABLE_TESTABILITY = YES;
				GCC_C_LANGUAGE_STANDARD = gnu11;
				GCC_DYNAMIC_NO_PIC = NO;
				GCC_NO_COMMON_BLOCKS = YES;
				GCC_OPTIMIZATION_LEVEL = 0;
				GCC_PREPROCESSOR_DEFINITIONS = (
					"DEBUG=1",
					"$(inherited)",
				);
				GCC_WARN_64_TO_32_BIT_CONVERSION = YES;
				GCC_WARN_ABOUT_RETURN_TYPE = YES_ERROR;
				GCC_WARN_UNDECLARED_SELECTOR = YES;
				GCC_WARN_UNINITIALIZED_AUTOS = YES_AGGRESSIVE;
				GCC_WARN_UNUSED_FUNCTION = YES;
				GCC_WARN_UNUSED_VARIABLE = YES;
				IPHONEOS_DEPLOYMENT_TARGET = 16.4;
				MTL_ENABLE_DEBUG_INFO = INCLUDE_SOURCE;
				MTL_FAST_MATH = YES;
				ONLY_ACTIVE_ARCH = YES;
				SDKROOT = iphoneos;
				SWIFT_ACTIVE_COMPILATION_CONDITIONS = DEBUG;
				SWIFT_OPTIMIZATION_LEVEL = "-Onone";
			};
			name = Debug;
		};
		138F9C9129F03B2100B9A248 /* Release */ = {
			isa = XCBuildConfiguration;
			buildSettings = {
				ALWAYS_SEARCH_USER_PATHS = NO;
				CLANG_ANALYZER_NONNULL = YES;
				CLANG_ANALYZER_NUMBER_OBJECT_CONVERSION = YES_AGGRESSIVE;
				CLANG_CXX_LANGUAGE_STANDARD = "gnu++20";
				CLANG_ENABLE_MODULES = YES;
				CLANG_ENABLE_OBJC_ARC = YES;
				CLANG_ENABLE_OBJC_WEAK = YES;
				CLANG_WARN_BLOCK_CAPTURE_AUTORELEASING = YES;
				CLANG_WARN_BOOL_CONVERSION = YES;
				CLANG_WARN_COMMA = YES;
				CLANG_WARN_CONSTANT_CONVERSION = YES;
				CLANG_WARN_DEPRECATED_OBJC_IMPLEMENTATIONS = YES;
				CLANG_WARN_DIRECT_OBJC_ISA_USAGE = YES_ERROR;
				CLANG_WARN_DOCUMENTATION_COMMENTS = YES;
				CLANG_WARN_EMPTY_BODY = YES;
				CLANG_WARN_ENUM_CONVERSION = YES;
				CLANG_WARN_INFINITE_RECURSION = YES;
				CLANG_WARN_INT_CONVERSION = YES;
				CLANG_WARN_NON_LITERAL_NULL_CONVERSION = YES;
				CLANG_WARN_OBJC_IMPLICIT_RETAIN_SELF = YES;
				CLANG_WARN_OBJC_LITERAL_CONVERSION = YES;
				CLANG_WARN_OBJC_ROOT_CLASS = YES_ERROR;
				CLANG_WARN_QUOTED_INCLUDE_IN_FRAMEWORK_HEADER = YES;
				CLANG_WARN_RANGE_LOOP_ANALYSIS = YES;
				CLANG_WARN_STRICT_PROTOTYPES = YES;
				CLANG_WARN_SUSPICIOUS_MOVE = YES;
				CLANG_WARN_UNGUARDED_AVAILABILITY = YES_AGGRESSIVE;
				CLANG_WARN_UNREACHABLE_CODE = YES;
				CLANG_WARN__DUPLICATE_METHOD_MATCH = YES;
				COPY_PHASE_STRIP = NO;
				DEBUG_INFORMATION_FORMAT = "dwarf-with-dsym";
				ENABLE_NS_ASSERTIONS = NO;
				ENABLE_STRICT_OBJC_MSGSEND = YES;
				GCC_C_LANGUAGE_STANDARD = gnu11;
				GCC_NO_COMMON_BLOCKS = YES;
				GCC_WARN_64_TO_32_BIT_CONVERSION = YES;
				GCC_WARN_ABOUT_RETURN_TYPE = YES_ERROR;
				GCC_WARN_UNDECLARED_SELECTOR = YES;
				GCC_WARN_UNINITIALIZED_AUTOS = YES_AGGRESSIVE;
				GCC_WARN_UNUSED_FUNCTION = YES;
				GCC_WARN_UNUSED_VARIABLE = YES;
				IPHONEOS_DEPLOYMENT_TARGET = 16.4;
				MTL_ENABLE_DEBUG_INFO = NO;
				MTL_FAST_MATH = YES;
				SDKROOT = iphoneos;
				SWIFT_COMPILATION_MODE = wholemodule;
				SWIFT_OPTIMIZATION_LEVEL = "-O";
				VALIDATE_PRODUCT = YES;
			};
			name = Release;
		};
		138F9C9329F03B2100B9A248 /* Debug */ = {
			isa = XCBuildConfiguration;
			baseConfigurationReference = C1CD1FE1DFDE8D2D50E3BFFE /* Pods-PGP-example.debug.xcconfig */;
			buildSettings = {
				ASSETCATALOG_COMPILER_APPICON_NAME = AppIcon;
				ASSETCATALOG_COMPILER_GLOBAL_ACCENT_COLOR_NAME = "";
				CODE_SIGN_STYLE = Automatic;
				CURRENT_PROJECT_VERSION = 1;
				DEVELOPMENT_TEAM = 36BF9P9PDN;
				GENERATE_INFOPLIST_FILE = YES;
				INFOPLIST_FILE = "PGP-example/Resources/Plist/Info.plist";
				INFOPLIST_KEY_UIApplicationSupportsIndirectInputEvents = YES;
				INFOPLIST_KEY_UILaunchStoryboardName = LaunchScreen;
				INFOPLIST_KEY_UISupportedInterfaceOrientations_iPad = "UIInterfaceOrientationPortrait UIInterfaceOrientationPortraitUpsideDown UIInterfaceOrientationLandscapeLeft UIInterfaceOrientationLandscapeRight";
				INFOPLIST_KEY_UISupportedInterfaceOrientations_iPhone = "UIInterfaceOrientationPortrait UIInterfaceOrientationLandscapeLeft UIInterfaceOrientationLandscapeRight";
				LD_RUNPATH_SEARCH_PATHS = (
					"$(inherited)",
					"@executable_path/Frameworks",
				);
				MARKETING_VERSION = 1.0;
				PRODUCT_BUNDLE_IDENTIFIER = "bradley.hoang.PGP-example";
				PRODUCT_NAME = "$(TARGET_NAME)";
				SWIFT_EMIT_LOC_STRINGS = YES;
				SWIFT_VERSION = 5.0;
				TARGETED_DEVICE_FAMILY = "1,2";
			};
			name = Debug;
		};
		138F9C9429F03B2100B9A248 /* Release */ = {
			isa = XCBuildConfiguration;
			baseConfigurationReference = 9A5FD9CDB933CA3F5189F737 /* Pods-PGP-example.release.xcconfig */;
			buildSettings = {
				ASSETCATALOG_COMPILER_APPICON_NAME = AppIcon;
				ASSETCATALOG_COMPILER_GLOBAL_ACCENT_COLOR_NAME = "";
				CODE_SIGN_STYLE = Automatic;
				CURRENT_PROJECT_VERSION = 1;
				DEVELOPMENT_TEAM = 36BF9P9PDN;
				GENERATE_INFOPLIST_FILE = YES;
				INFOPLIST_FILE = "PGP-example/Resources/Plist/Info.plist";
				INFOPLIST_KEY_UIApplicationSupportsIndirectInputEvents = YES;
				INFOPLIST_KEY_UILaunchStoryboardName = LaunchScreen;
				INFOPLIST_KEY_UISupportedInterfaceOrientations_iPad = "UIInterfaceOrientationPortrait UIInterfaceOrientationPortraitUpsideDown UIInterfaceOrientationLandscapeLeft UIInterfaceOrientationLandscapeRight";
				INFOPLIST_KEY_UISupportedInterfaceOrientations_iPhone = "UIInterfaceOrientationPortrait UIInterfaceOrientationLandscapeLeft UIInterfaceOrientationLandscapeRight";
				LD_RUNPATH_SEARCH_PATHS = (
					"$(inherited)",
					"@executable_path/Frameworks",
				);
				MARKETING_VERSION = 1.0;
				PRODUCT_BUNDLE_IDENTIFIER = "bradley.hoang.PGP-example";
				PRODUCT_NAME = "$(TARGET_NAME)";
				SWIFT_EMIT_LOC_STRINGS = YES;
				SWIFT_VERSION = 5.0;
				TARGETED_DEVICE_FAMILY = "1,2";
			};
			name = Release;
		};
/* End XCBuildConfiguration section */

/* Begin XCConfigurationList section */
		138F9C7929F03B2000B9A248 /* Build configuration list for PBXProject "PGP-example" */ = {
			isa = XCConfigurationList;
			buildConfigurations = (
				138F9C9029F03B2100B9A248 /* Debug */,
				138F9C9129F03B2100B9A248 /* Release */,
			);
			defaultConfigurationIsVisible = 0;
			defaultConfigurationName = Release;
		};
		138F9C9229F03B2100B9A248 /* Build configuration list for PBXNativeTarget "PGP-example" */ = {
			isa = XCConfigurationList;
			buildConfigurations = (
				138F9C9329F03B2100B9A248 /* Debug */,
				138F9C9429F03B2100B9A248 /* Release */,
			);
			defaultConfigurationIsVisible = 0;
			defaultConfigurationName = Release;
		};
/* End XCConfigurationList section */
	};
	rootObject = 138F9C7629F03B2000B9A248 /* Project object */;
}
