// !$*UTF8*$!
{
	archiveVersion = 1;
	classes = {
	};
	objectVersion = 56;
	objects = {

/* Begin PBXBuildFile section */
		138F9CB729F03B4C00B9A248 /* TabBarPresenter.swift in Sources */ = {isa = PBXBuildFile; fileRef = 138F9C9829F03B4B00B9A248 /* TabBarPresenter.swift */; };
		138F9CB929F03B4C00B9A248 /* TabBarBuilder.swift in Sources */ = {isa = PBXBuildFile; fileRef = 138F9C9A29F03B4B00B9A248 /* TabBarBuilder.swift */; };
		138F9CBA29F03B4C00B9A248 /* TabBarViewController.swift in Sources */ = {isa = PBXBuildFile; fileRef = 138F9C9B29F03B4B00B9A248 /* TabBarViewController.swift */; };
		138F9CBB29F03B4C00B9A248 /* TabBarContract.swift in Sources */ = {isa = PBXBuildFile; fileRef = 138F9C9C29F03B4B00B9A248 /* TabBarContract.swift */; };
		138F9CBC29F03B4C00B9A248 /* GenerateKeysPresenter.swift in Sources */ = {isa = PBXBuildFile; fileRef = 138F9C9E29F03B4B00B9A248 /* GenerateKeysPresenter.swift */; };
		138F9CBD29F03B4C00B9A248 /* GenerateKeysBuilder.swift in Sources */ = {isa = PBXBuildFile; fileRef = 138F9C9F29F03B4B00B9A248 /* GenerateKeysBuilder.swift */; };
		138F9CBE29F03B4C00B9A248 /* GenerateKeysContract.swift in Sources */ = {isa = PBXBuildFile; fileRef = 138F9CA029F03B4B00B9A248 /* GenerateKeysContract.swift */; };
		138F9CBF29F03B4C00B9A248 /* GenerateKeysViewController.swift in Sources */ = {isa = PBXBuildFile; fileRef = 138F9CA129F03B4B00B9A248 /* GenerateKeysViewController.swift */; };
		138F9CC029F03B4C00B9A248 /* GenerateKeys.storyboard in Resources */ = {isa = PBXBuildFile; fileRef = 138F9CA229F03B4B00B9A248 /* GenerateKeys.storyboard */; };
		138F9CC129F03B4C00B9A248 /* AppRouter.swift in Sources */ = {isa = PBXBuildFile; fileRef = 138F9CA429F03B4B00B9A248 /* AppRouter.swift */; };
		138F9CC229F03B4C00B9A248 /* AppDelegate.swift in Sources */ = {isa = PBXBuildFile; fileRef = 138F9CA529F03B4B00B9A248 /* AppDelegate.swift */; };
		138F9CC329F03B4C00B9A248 /* SceneDelegate.swift in Sources */ = {isa = PBXBuildFile; fileRef = 138F9CA629F03B4B00B9A248 /* SceneDelegate.swift */; };
		138F9CC429F03B4C00B9A248 /* UIViewController+Extensions.swift in Sources */ = {isa = PBXBuildFile; fileRef = 138F9CA829F03B4B00B9A248 /* UIViewController+Extensions.swift */; };
		138F9CC529F03B4C00B9A248 /* UIView+Extensions.swift in Sources */ = {isa = PBXBuildFile; fileRef = 138F9CA929F03B4B00B9A248 /* UIView+Extensions.swift */; };
		138F9CC629F03B4C00B9A248 /* String+Extensions.swift in Sources */ = {isa = PBXBuildFile; fileRef = 138F9CAA29F03B4B00B9A248 /* String+Extensions.swift */; };
		138F9CC729F03B4C00B9A248 /* UIApplication+Extensions.swift in Sources */ = {isa = PBXBuildFile; fileRef = 138F9CAB29F03B4B00B9A248 /* UIApplication+Extensions.swift */; };
		138F9CC829F03B4C00B9A248 /* UICollectionViewCell+Extensions.swift in Sources */ = {isa = PBXBuildFile; fileRef = 138F9CAD29F03B4B00B9A248 /* UICollectionViewCell+Extensions.swift */; };
		138F9CC929F03B4C00B9A248 /* UICollectionView+Extensions.swift in Sources */ = {isa = PBXBuildFile; fileRef = 138F9CAE29F03B4B00B9A248 /* UICollectionView+Extensions.swift */; };
		138F9CCA29F03B4C00B9A248 /* UITableViewCell+Extension.swift in Sources */ = {isa = PBXBuildFile; fileRef = 138F9CB029F03B4B00B9A248 /* UITableViewCell+Extension.swift */; };
		138F9CCB29F03B4C00B9A248 /* UITableView+Extensions.swift in Sources */ = {isa = PBXBuildFile; fileRef = 138F9CB129F03B4B00B9A248 /* UITableView+Extensions.swift */; };
		138F9CCC29F03B4C00B9A248 /* Optional+Extensions.swift in Sources */ = {isa = PBXBuildFile; fileRef = 138F9CB229F03B4B00B9A248 /* Optional+Extensions.swift */; };
		138F9CCD29F03B4C00B9A248 /* BaseViewController.swift in Sources */ = {isa = PBXBuildFile; fileRef = 138F9CB429F03B4B00B9A248 /* BaseViewController.swift */; };
		138F9CCE29F03B4C00B9A248 /* BaseView.swift in Sources */ = {isa = PBXBuildFile; fileRef = 138F9CB529F03B4B00B9A248 /* BaseView.swift */; };
		138F9CCF29F03B4C00B9A248 /* BaseViewProtocol.swift in Sources */ = {isa = PBXBuildFile; fileRef = 138F9CB629F03B4B00B9A248 /* BaseViewProtocol.swift */; };
		138F9CD729F03B5400B9A248 /* Assets.xcassets in Resources */ = {isa = PBXBuildFile; fileRef = 138F9CD329F03B5400B9A248 /* Assets.xcassets */; };
		138F9CD829F03B5400B9A248 /* LaunchScreen.storyboard in Resources */ = {isa = PBXBuildFile; fileRef = 138F9CD429F03B5400B9A248 /* LaunchScreen.storyboard */; };
		138F9CE029F03BBD00B9A248 /* SigningContract.swift in Sources */ = {isa = PBXBuildFile; fileRef = 138F9CDB29F03BBD00B9A248 /* SigningContract.swift */; };
		138F9CE129F03BBD00B9A248 /* SigningPresenter.swift in Sources */ = {isa = PBXBuildFile; fileRef = 138F9CDC29F03BBD00B9A248 /* SigningPresenter.swift */; };
		138F9CE229F03BBD00B9A248 /* SigningViewController.swift in Sources */ = {isa = PBXBuildFile; fileRef = 138F9CDD29F03BBD00B9A248 /* SigningViewController.swift */; };
		138F9CE329F03BBD00B9A248 /* SigningBuilder.swift in Sources */ = {isa = PBXBuildFile; fileRef = 138F9CDE29F03BBD00B9A248 /* SigningBuilder.swift */; };
		138F9CE529F03E7600B9A248 /* Signing.storyboard in Resources */ = {isa = PBXBuildFile; fileRef = 138F9CE429F03E7600B9A248 /* Signing.storyboard */; };
		138F9CEC29F0445000B9A248 /* VerifySignature.storyboard in Resources */ = {isa = PBXBuildFile; fileRef = 138F9CE729F0445000B9A248 /* VerifySignature.storyboard */; };
		138F9CED29F0445000B9A248 /* VerifySignatureContract.swift in Sources */ = {isa = PBXBuildFile; fileRef = 138F9CE829F0445000B9A248 /* VerifySignatureContract.swift */; };
		138F9CEE29F0445000B9A248 /* VerifySignaturePresenter.swift in Sources */ = {isa = PBXBuildFile; fileRef = 138F9CE929F0445000B9A248 /* VerifySignaturePresenter.swift */; };
		138F9CEF29F0445000B9A248 /* VerifySignatureViewController.swift in Sources */ = {isa = PBXBuildFile; fileRef = 138F9CEA29F0445000B9A248 /* VerifySignatureViewController.swift */; };
		138F9CF029F0445000B9A248 /* VerifySignatureBuilder.swift in Sources */ = {isa = PBXBuildFile; fileRef = 138F9CEB29F0445000B9A248 /* VerifySignatureBuilder.swift */; };
/* End PBXBuildFile section */

/* Begin PBXFileReference section */
		138F9C7E29F03B2000B9A248 /* PGP-example.app */ = {isa = PBXFileReference; explicitFileType = wrapper.application; includeInIndex = 0; path = "PGP-example.app"; sourceTree = BUILT_PRODUCTS_DIR; };
		138F9C9829F03B4B00B9A248 /* TabBarPresenter.swift */ = {isa = PBXFileReference; fileEncoding = 4; lastKnownFileType = sourcecode.swift; path = TabBarPresenter.swift; sourceTree = "<group>"; };
		138F9C9A29F03B4B00B9A248 /* TabBarBuilder.swift */ = {isa = PBXFileReference; fileEncoding = 4; lastKnownFileType = sourcecode.swift; path = TabBarBuilder.swift; sourceTree = "<group>"; };
		138F9C9B29F03B4B00B9A248 /* TabBarViewController.swift */ = {isa = PBXFileReference; fileEncoding = 4; lastKnownFileType = sourcecode.swift; path = TabBarViewController.swift; sourceTree = "<group>"; };
		138F9C9C29F03B4B00B9A248 /* TabBarContract.swift */ = {isa = PBXFileReference; fileEncoding = 4; lastKnownFileType = sourcecode.swift; path = TabBarContract.swift; sourceTree = "<group>"; };
		138F9C9E29F03B4B00B9A248 /* GenerateKeysPresenter.swift */ = {isa = PBXFileReference; fileEncoding = 4; lastKnownFileType = sourcecode.swift; path = GenerateKeysPresenter.swift; sourceTree = "<group>"; };
		138F9C9F29F03B4B00B9A248 /* GenerateKeysBuilder.swift */ = {isa = PBXFileReference; fileEncoding = 4; lastKnownFileType = sourcecode.swift; path = GenerateKeysBuilder.swift; sourceTree = "<group>"; };
		138F9CA029F03B4B00B9A248 /* GenerateKeysContract.swift */ = {isa = PBXFileReference; fileEncoding = 4; lastKnownFileType = sourcecode.swift; path = GenerateKeysContract.swift; sourceTree = "<group>"; };
		138F9CA129F03B4B00B9A248 /* GenerateKeysViewController.swift */ = {isa = PBXFileReference; fileEncoding = 4; lastKnownFileType = sourcecode.swift; path = GenerateKeysViewController.swift; sourceTree = "<group>"; };
		138F9CA229F03B4B00B9A248 /* GenerateKeys.storyboard */ = {isa = PBXFileReference; fileEncoding = 4; lastKnownFileType = file.storyboard; path = GenerateKeys.storyboard; sourceTree = "<group>"; };
		138F9CA429F03B4B00B9A248 /* AppRouter.swift */ = {isa = PBXFileReference; fileEncoding = 4; lastKnownFileType = sourcecode.swift; path = AppRouter.swift; sourceTree = "<group>"; };
		138F9CA529F03B4B00B9A248 /* AppDelegate.swift */ = {isa = PBXFileReference; fileEncoding = 4; lastKnownFileType = sourcecode.swift; path = AppDelegate.swift; sourceTree = "<group>"; };
		138F9CA629F03B4B00B9A248 /* SceneDelegate.swift */ = {isa = PBXFileReference; fileEncoding = 4; lastKnownFileType = sourcecode.swift; path = SceneDelegate.swift; sourceTree = "<group>"; };
		138F9CA829F03B4B00B9A248 /* UIViewController+Extensions.swift */ = {isa = PBXFileReference; fileEncoding = 4; lastKnownFileType = sourcecode.swift; path = "UIViewController+Extensions.swift"; sourceTree = "<group>"; };
		138F9CA929F03B4B00B9A248 /* UIView+Extensions.swift */ = {isa = PBXFileReference; fileEncoding = 4; lastKnownFileType = sourcecode.swift; path = "UIView+Extensions.swift"; sourceTree = "<group>"; };
		138F9CAA29F03B4B00B9A248 /* String+Extensions.swift */ = {isa = PBXFileReference; fileEncoding = 4; lastKnownFileType = sourcecode.swift; path = "String+Extensions.swift"; sourceTree = "<group>"; };
		138F9CAB29F03B4B00B9A248 /* UIApplication+Extensions.swift */ = {isa = PBXFileReference; fileEncoding = 4; lastKnownFileType = sourcecode.swift; path = "UIApplication+Extensions.swift"; sourceTree = "<group>"; };
		138F9CAD29F03B4B00B9A248 /* UICollectionViewCell+Extensions.swift */ = {isa = PBXFileReference; fileEncoding = 4; lastKnownFileType = sourcecode.swift; path = "UICollectionViewCell+Extensions.swift"; sourceTree = "<group>"; };
		138F9CAE29F03B4B00B9A248 /* UICollectionView+Extensions.swift */ = {isa = PBXFileReference; fileEncoding = 4; lastKnownFileType = sourcecode.swift; path = "UICollectionView+Extensions.swift"; sourceTree = "<group>"; };
		138F9CB029F03B4B00B9A248 /* UITableViewCell+Extension.swift */ = {isa = PBXFileReference; fileEncoding = 4; lastKnownFileType = sourcecode.swift; path = "UITableViewCell+Extension.swift"; sourceTree = "<group>"; };
		138F9CB129F03B4B00B9A248 /* UITableView+Extensions.swift */ = {isa = PBXFileReference; fileEncoding = 4; lastKnownFileType = sourcecode.swift; path = "UITableView+Extensions.swift"; sourceTree = "<group>"; };
		138F9CB229F03B4B00B9A248 /* Optional+Extensions.swift */ = {isa = PBXFileReference; fileEncoding = 4; lastKnownFileType = sourcecode.swift; path = "Optional+Extensions.swift"; sourceTree = "<group>"; };
		138F9CB429F03B4B00B9A248 /* BaseViewController.swift */ = {isa = PBXFileReference; fileEncoding = 4; lastKnownFileType = sourcecode.swift; path = BaseViewController.swift; sourceTree = "<group>"; };
		138F9CB529F03B4B00B9A248 /* BaseView.swift */ = {isa = PBXFileReference; fileEncoding = 4; lastKnownFileType = sourcecode.swift; path = BaseView.swift; sourceTree = "<group>"; };
		138F9CB629F03B4B00B9A248 /* BaseViewProtocol.swift */ = {isa = PBXFileReference; fileEncoding = 4; lastKnownFileType = sourcecode.swift; path = BaseViewProtocol.swift; sourceTree = "<group>"; };
		138F9CD229F03B5400B9A248 /* Info.plist */ = {isa = PBXFileReference; fileEncoding = 4; lastKnownFileType = text.plist.xml; path = Info.plist; sourceTree = "<group>"; };
		138F9CD329F03B5400B9A248 /* Assets.xcassets */ = {isa = PBXFileReference; lastKnownFileType = folder.assetcatalog; path = Assets.xcassets; sourceTree = "<group>"; };
		138F9CD529F03B5400B9A248 /* Base */ = {isa = PBXFileReference; lastKnownFileType = file.storyboard; name = Base; path = Base.lproj/LaunchScreen.storyboard; sourceTree = "<group>"; };
		138F9CDB29F03BBD00B9A248 /* SigningContract.swift */ = {isa = PBXFileReference; lastKnownFileType = sourcecode.swift; path = SigningContract.swift; sourceTree = "<group>"; };
		138F9CDC29F03BBD00B9A248 /* SigningPresenter.swift */ = {isa = PBXFileReference; lastKnownFileType = sourcecode.swift; path = SigningPresenter.swift; sourceTree = "<group>"; };
		138F9CDD29F03BBD00B9A248 /* SigningViewController.swift */ = {isa = PBXFileReference; lastKnownFileType = sourcecode.swift; path = SigningViewController.swift; sourceTree = "<group>"; };
		138F9CDE29F03BBD00B9A248 /* SigningBuilder.swift */ = {isa = PBXFileReference; lastKnownFileType = sourcecode.swift; path = SigningBuilder.swift; sourceTree = "<group>"; };
		138F9CE429F03E7600B9A248 /* Signing.storyboard */ = {isa = PBXFileReference; lastKnownFileType = file.storyboard; path = Signing.storyboard; sourceTree = "<group>"; };
		138F9CE729F0445000B9A248 /* VerifySignature.storyboard */ = {isa = PBXFileReference; lastKnownFileType = file.storyboard; path = VerifySignature.storyboard; sourceTree = "<group>"; };
		138F9CE829F0445000B9A248 /* VerifySignatureContract.swift */ = {isa = PBXFileReference; lastKnownFileType = sourcecode.swift; path = VerifySignatureContract.swift; sourceTree = "<group>"; };
		138F9CE929F0445000B9A248 /* VerifySignaturePresenter.swift */ = {isa = PBXFileReference; lastKnownFileType = sourcecode.swift; path = VerifySignaturePresenter.swift; sourceTree = "<group>"; };
		138F9CEA29F0445000B9A248 /* VerifySignatureViewController.swift */ = {isa = PBXFileReference; lastKnownFileType = sourcecode.swift; path = VerifySignatureViewController.swift; sourceTree = "<group>"; };
		138F9CEB29F0445000B9A248 /* VerifySignatureBuilder.swift */ = {isa = PBXFileReference; lastKnownFileType = sourcecode.swift; path = VerifySignatureBuilder.swift; sourceTree = "<group>"; };
/* End PBXFileReference section */

/* Begin PBXFrameworksBuildPhase section */
		138F9C7B29F03B2000B9A248 /* Frameworks */ = {
			isa = PBXFrameworksBuildPhase;
			buildActionMask = 2147483647;
			files = (
			);
			runOnlyForDeploymentPostprocessing = 0;
		};
/* End PBXFrameworksBuildPhase section */

/* Begin PBXGroup section */
		138F9C7529F03B2000B9A248 = {
			isa = PBXGroup;
			children = (
				138F9C8029F03B2000B9A248 /* PGP-example */,
				138F9C7F29F03B2000B9A248 /* Products */,
			);
			sourceTree = "<group>";
		};
		138F9C7F29F03B2000B9A248 /* Products */ = {
			isa = PBXGroup;
			children = (
				138F9C7E29F03B2000B9A248 /* PGP-example.app */,
			);
			name = Products;
			sourceTree = "<group>";
		};
		138F9C8029F03B2000B9A248 /* PGP-example */ = {
			isa = PBXGroup;
			children = (
				138F9C9529F03B4B00B9A248 /* Classes */,
				138F9CD029F03B5400B9A248 /* Resources */,
			);
			path = "PGP-example";
			sourceTree = "<group>";
		};
		138F9C9529F03B4B00B9A248 /* Classes */ = {
			isa = PBXGroup;
			children = (
				138F9CA329F03B4B00B9A248 /* App */,
				138F9C9629F03B4B00B9A248 /* Scenes */,
				138F9CA729F03B4B00B9A248 /* Extensions */,
				138F9CB329F03B4B00B9A248 /* Base */,
			);
			path = Classes;
			sourceTree = "<group>";
		};
		138F9C9629F03B4B00B9A248 /* Scenes */ = {
			isa = PBXGroup;
			children = (
				138F9C9D29F03B4B00B9A248 /* GenerateKeys */,
				138F9CD929F03BA700B9A248 /* Signing */,
				138F9CE629F0442500B9A248 /* VerifySignature */,
				138F9C9729F03B4B00B9A248 /* TabBar */,
			);
			path = Scenes;
			sourceTree = "<group>";
		};
		138F9C9729F03B4B00B9A248 /* TabBar */ = {
			isa = PBXGroup;
			children = (
				138F9C9C29F03B4B00B9A248 /* TabBarContract.swift */,
				138F9C9829F03B4B00B9A248 /* TabBarPresenter.swift */,
				138F9C9B29F03B4B00B9A248 /* TabBarViewController.swift */,
				138F9C9A29F03B4B00B9A248 /* TabBarBuilder.swift */,
			);
			path = TabBar;
			sourceTree = "<group>";
		};
		138F9C9D29F03B4B00B9A248 /* GenerateKeys */ = {
			isa = PBXGroup;
			children = (
				138F9CA229F03B4B00B9A248 /* GenerateKeys.storyboard */,
				138F9CA029F03B4B00B9A248 /* GenerateKeysContract.swift */,
				138F9C9E29F03B4B00B9A248 /* GenerateKeysPresenter.swift */,
				138F9CA129F03B4B00B9A248 /* GenerateKeysViewController.swift */,
				138F9C9F29F03B4B00B9A248 /* GenerateKeysBuilder.swift */,
			);
			path = GenerateKeys;
			sourceTree = "<group>";
		};
		138F9CA329F03B4B00B9A248 /* App */ = {
			isa = PBXGroup;
			children = (
				138F9CA529F03B4B00B9A248 /* AppDelegate.swift */,
				138F9CA629F03B4B00B9A248 /* SceneDelegate.swift */,
				138F9CA429F03B4B00B9A248 /* AppRouter.swift */,
			);
			path = App;
			sourceTree = "<group>";
		};
		138F9CA729F03B4B00B9A248 /* Extensions */ = {
			isa = PBXGroup;
			children = (
				138F9CAC29F03B4B00B9A248 /* UICollectionView */,
				138F9CAF29F03B4B00B9A248 /* UITableView */,
				138F9CA829F03B4B00B9A248 /* UIViewController+Extensions.swift */,
				138F9CA929F03B4B00B9A248 /* UIView+Extensions.swift */,
				138F9CAB29F03B4B00B9A248 /* UIApplication+Extensions.swift */,
				138F9CAA29F03B4B00B9A248 /* String+Extensions.swift */,
				138F9CB229F03B4B00B9A248 /* Optional+Extensions.swift */,
			);
			path = Extensions;
			sourceTree = "<group>";
		};
		138F9CAC29F03B4B00B9A248 /* UICollectionView */ = {
			isa = PBXGroup;
			children = (
				138F9CAD29F03B4B00B9A248 /* UICollectionViewCell+Extensions.swift */,
				138F9CAE29F03B4B00B9A248 /* UICollectionView+Extensions.swift */,
			);
			path = UICollectionView;
			sourceTree = "<group>";
		};
		138F9CAF29F03B4B00B9A248 /* UITableView */ = {
			isa = PBXGroup;
			children = (
				138F9CB029F03B4B00B9A248 /* UITableViewCell+Extension.swift */,
				138F9CB129F03B4B00B9A248 /* UITableView+Extensions.swift */,
			);
			path = UITableView;
			sourceTree = "<group>";
		};
		138F9CB329F03B4B00B9A248 /* Base */ = {
			isa = PBXGroup;
			children = (
				138F9CB529F03B4B00B9A248 /* BaseView.swift */,
				138F9CB429F03B4B00B9A248 /* BaseViewController.swift */,
				138F9CB629F03B4B00B9A248 /* BaseViewProtocol.swift */,
			);
			path = Base;
			sourceTree = "<group>";
		};
		138F9CD029F03B5400B9A248 /* Resources */ = {
			isa = PBXGroup;
			children = (
				138F9CD129F03B5400B9A248 /* Plist */,
				138F9CD329F03B5400B9A248 /* Assets.xcassets */,
				138F9CD429F03B5400B9A248 /* LaunchScreen.storyboard */,
			);
			path = Resources;
			sourceTree = "<group>";
		};
		138F9CD129F03B5400B9A248 /* Plist */ = {
			isa = PBXGroup;
			children = (
				138F9CD229F03B5400B9A248 /* Info.plist */,
			);
			path = Plist;
			sourceTree = "<group>";
		};
		138F9CD929F03BA700B9A248 /* Signing */ = {
			isa = PBXGroup;
			children = (
				138F9CE429F03E7600B9A248 /* Signing.storyboard */,
				138F9CDB29F03BBD00B9A248 /* SigningContract.swift */,
				138F9CDC29F03BBD00B9A248 /* SigningPresenter.swift */,
				138F9CDD29F03BBD00B9A248 /* SigningViewController.swift */,
				138F9CDE29F03BBD00B9A248 /* SigningBuilder.swift */,
			);
			path = Signing;
			sourceTree = "<group>";
		};
		138F9CE629F0442500B9A248 /* VerifySignature */ = {
			isa = PBXGroup;
			children = (
				138F9CE729F0445000B9A248 /* VerifySignature.storyboard */,
				138F9CE829F0445000B9A248 /* VerifySignatureContract.swift */,
				138F9CE929F0445000B9A248 /* VerifySignaturePresenter.swift */,
				138F9CEA29F0445000B9A248 /* VerifySignatureViewController.swift */,
				138F9CEB29F0445000B9A248 /* VerifySignatureBuilder.swift */,
			);
			path = VerifySignature;
			sourceTree = "<group>";
		};
/* End PBXGroup section */

/* Begin PBXNativeTarget section */
		138F9C7D29F03B2000B9A248 /* PGP-example */ = {
			isa = PBXNativeTarget;
			buildConfigurationList = 138F9C9229F03B2100B9A248 /* Build configuration list for PBXNativeTarget "PGP-example" */;
			buildPhases = (
				138F9C7A29F03B2000B9A248 /* Sources */,
				138F9C7B29F03B2000B9A248 /* Frameworks */,
				138F9C7C29F03B2000B9A248 /* Resources */,
			);
			buildRules = (
			);
			dependencies = (
			);
			name = "PGP-example";
			productName = "PGP-example";
			productReference = 138F9C7E29F03B2000B9A248 /* PGP-example.app */;
			productType = "com.apple.product-type.application";
		};
/* End PBXNativeTarget section */

/* Begin PBXProject section */
		138F9C7629F03B2000B9A248 /* Project object */ = {
			isa = PBXProject;
			attributes = {
				BuildIndependentTargetsInParallel = 1;
				LastSwiftUpdateCheck = 1430;
				LastUpgradeCheck = 1430;
				TargetAttributes = {
					138F9C7D29F03B2000B9A248 = {
						CreatedOnToolsVersion = 14.3;
					};
				};
			};
			buildConfigurationList = 138F9C7929F03B2000B9A248 /* Build configuration list for PBXProject "PGP-example" */;
			compatibilityVersion = "Xcode 14.0";
			developmentRegion = en;
			hasScannedForEncodings = 0;
			knownRegions = (
				en,
				Base,
			);
			mainGroup = 138F9C7529F03B2000B9A248;
			productRefGroup = 138F9C7F29F03B2000B9A248 /* Products */;
			projectDirPath = "";
			projectRoot = "";
			targets = (
				138F9C7D29F03B2000B9A248 /* PGP-example */,
			);
		};
/* End PBXProject section */

/* Begin PBXResourcesBuildPhase section */
		138F9C7C29F03B2000B9A248 /* Resources */ = {
			isa = PBXResourcesBuildPhase;
			buildActionMask = 2147483647;
			files = (
				138F9CE529F03E7600B9A248 /* Signing.storyboard in Resources */,
				138F9CC029F03B4C00B9A248 /* GenerateKeys.storyboard in Resources */,
				138F9CD729F03B5400B9A248 /* Assets.xcassets in Resources */,
				138F9CD829F03B5400B9A248 /* LaunchScreen.storyboard in Resources */,
				138F9CEC29F0445000B9A248 /* VerifySignature.storyboard in Resources */,
			);
			runOnlyForDeploymentPostprocessing = 0;
		};
/* End PBXResourcesBuildPhase section */

/* Begin PBXSourcesBuildPhase section */
		138F9C7A29F03B2000B9A248 /* Sources */ = {
			isa = PBXSourcesBuildPhase;
			buildActionMask = 2147483647;
			files = (
				138F9CE129F03BBD00B9A248 /* SigningPresenter.swift in Sources */,
				138F9CC829F03B4C00B9A248 /* UICollectionViewCell+Extensions.swift in Sources */,
				138F9CCC29F03B4C00B9A248 /* Optional+Extensions.swift in Sources */,
				138F9CC929F03B4C00B9A248 /* UICollectionView+Extensions.swift in Sources */,
				138F9CB729F03B4C00B9A248 /* TabBarPresenter.swift in Sources */,
				138F9CBC29F03B4C00B9A248 /* GenerateKeysPresenter.swift in Sources */,
				138F9CEF29F0445000B9A248 /* VerifySignatureViewController.swift in Sources */,
				138F9CE229F03BBD00B9A248 /* SigningViewController.swift in Sources */,
				138F9CCD29F03B4C00B9A248 /* BaseViewController.swift in Sources */,
				138F9CBF29F03B4C00B9A248 /* GenerateKeysViewController.swift in Sources */,
				138F9CBD29F03B4C00B9A248 /* GenerateKeysBuilder.swift in Sources */,
				138F9CC429F03B4C00B9A248 /* UIViewController+Extensions.swift in Sources */,
				138F9CCE29F03B4C00B9A248 /* BaseView.swift in Sources */,
				138F9CE329F03BBD00B9A248 /* SigningBuilder.swift in Sources */,
				138F9CC729F03B4C00B9A248 /* UIApplication+Extensions.swift in Sources */,
				138F9CC529F03B4C00B9A248 /* UIView+Extensions.swift in Sources */,
				138F9CBE29F03B4C00B9A248 /* GenerateKeysContract.swift in Sources */,
				138F9CC129F03B4C00B9A248 /* AppRouter.swift in Sources */,
				138F9CEE29F0445000B9A248 /* VerifySignaturePresenter.swift in Sources */,
				138F9CED29F0445000B9A248 /* VerifySignatureContract.swift in Sources */,
				138F9CC629F03B4C00B9A248 /* String+Extensions.swift in Sources */,
				138F9CBB29F03B4C00B9A248 /* TabBarContract.swift in Sources */,
				138F9CCA29F03B4C00B9A248 /* UITableViewCell+Extension.swift in Sources */,
				138F9CC329F03B4C00B9A248 /* SceneDelegate.swift in Sources */,
				138F9CF029F0445000B9A248 /* VerifySignatureBuilder.swift in Sources */,
				138F9CCF29F03B4C00B9A248 /* BaseViewProtocol.swift in Sources */,
				138F9CCB29F03B4C00B9A248 /* UITableView+Extensions.swift in Sources */,
				138F9CBA29F03B4C00B9A248 /* TabBarViewController.swift in Sources */,
				138F9CE029F03BBD00B9A248 /* SigningContract.swift in Sources */,
				138F9CC229F03B4C00B9A248 /* AppDelegate.swift in Sources */,
				138F9CB929F03B4C00B9A248 /* TabBarBuilder.swift in Sources */,
			);
			runOnlyForDeploymentPostprocessing = 0;
		};
/* End PBXSourcesBuildPhase section */

/* Begin PBXVariantGroup section */
		138F9CD429F03B5400B9A248 /* LaunchScreen.storyboard */ = {
			isa = PBXVariantGroup;
			children = (
				138F9CD529F03B5400B9A248 /* Base */,
			);
			name = LaunchScreen.storyboard;
			sourceTree = "<group>";
		};
/* End PBXVariantGroup section */

/* Begin XCBuildConfiguration section */
		138F9C9029F03B2100B9A248 /* Debug */ = {
			isa = XCBuildConfiguration;
			buildSettings = {
				ALWAYS_SEARCH_USER_PATHS = NO;
				CLANG_ANALYZER_NONNULL = YES;
				CLANG_ANALYZER_NUMBER_OBJECT_CONVERSION = YES_AGGRESSIVE;
				CLANG_CXX_LANGUAGE_STANDARD = "gnu++20";
				CLANG_ENABLE_MODULES = YES;
				CLANG_ENABLE_OBJC_ARC = YES;
				CLANG_ENABLE_OBJC_WEAK = YES;
				CLANG_WARN_BLOCK_CAPTURE_AUTORELEASING = YES;
				CLANG_WARN_BOOL_CONVERSION = YES;
				CLANG_WARN_COMMA = YES;
				CLANG_WARN_CONSTANT_CONVERSION = YES;
				CLANG_WARN_DEPRECATED_OBJC_IMPLEMENTATIONS = YES;
				CLANG_WARN_DIRECT_OBJC_ISA_USAGE = YES_ERROR;
				CLANG_WARN_DOCUMENTATION_COMMENTS = YES;
				CLANG_WARN_EMPTY_BODY = YES;
				CLANG_WARN_ENUM_CONVERSION = YES;
				CLANG_WARN_INFINITE_RECURSION = YES;
				CLANG_WARN_INT_CONVERSION = YES;
				CLANG_WARN_NON_LITERAL_NULL_CONVERSION = YES;
				CLANG_WARN_OBJC_IMPLICIT_RETAIN_SELF = YES;
				CLANG_WARN_OBJC_LITERAL_CONVERSION = YES;
				CLANG_WARN_OBJC_ROOT_CLASS = YES_ERROR;
				CLANG_WARN_QUOTED_INCLUDE_IN_FRAMEWORK_HEADER = YES;
				CLANG_WARN_RANGE_LOOP_ANALYSIS = YES;
				CLANG_WARN_STRICT_PROTOTYPES = YES;
				CLANG_WARN_SUSPICIOUS_MOVE = YES;
				CLANG_WARN_UNGUARDED_AVAILABILITY = YES_AGGRESSIVE;
				CLANG_WARN_UNREACHABLE_CODE = YES;
				CLANG_WARN__DUPLICATE_METHOD_MATCH = YES;
				COPY_PHASE_STRIP = NO;
				DEBUG_INFORMATION_FORMAT = dwarf;
				ENABLE_STRICT_OBJC_MSGSEND = YES;
				ENABLE_TESTABILITY = YES;
				GCC_C_LANGUAGE_STANDARD = gnu11;
				GCC_DYNAMIC_NO_PIC = NO;
				GCC_NO_COMMON_BLOCKS = YES;
				GCC_OPTIMIZATION_LEVEL = 0;
				GCC_PREPROCESSOR_DEFINITIONS = (
					"DEBUG=1",
					"$(inherited)",
				);
				GCC_WARN_64_TO_32_BIT_CONVERSION = YES;
				GCC_WARN_ABOUT_RETURN_TYPE = YES_ERROR;
				GCC_WARN_UNDECLARED_SELECTOR = YES;
				GCC_WARN_UNINITIALIZED_AUTOS = YES_AGGRESSIVE;
				GCC_WARN_UNUSED_FUNCTION = YES;
				GCC_WARN_UNUSED_VARIABLE = YES;
				IPHONEOS_DEPLOYMENT_TARGET = 16.4;
				MTL_ENABLE_DEBUG_INFO = INCLUDE_SOURCE;
				MTL_FAST_MATH = YES;
				ONLY_ACTIVE_ARCH = YES;
				SDKROOT = iphoneos;
				SWIFT_ACTIVE_COMPILATION_CONDITIONS = DEBUG;
				SWIFT_OPTIMIZATION_LEVEL = "-Onone";
			};
			name = Debug;
		};
		138F9C9129F03B2100B9A248 /* Release */ = {
			isa = XCBuildConfiguration;
			buildSettings = {
				ALWAYS_SEARCH_USER_PATHS = NO;
				CLANG_ANALYZER_NONNULL = YES;
				CLANG_ANALYZER_NUMBER_OBJECT_CONVERSION = YES_AGGRESSIVE;
				CLANG_CXX_LANGUAGE_STANDARD = "gnu++20";
				CLANG_ENABLE_MODULES = YES;
				CLANG_ENABLE_OBJC_ARC = YES;
				CLANG_ENABLE_OBJC_WEAK = YES;
				CLANG_WARN_BLOCK_CAPTURE_AUTORELEASING = YES;
				CLANG_WARN_BOOL_CONVERSION = YES;
				CLANG_WARN_COMMA = YES;
				CLANG_WARN_CONSTANT_CONVERSION = YES;
				CLANG_WARN_DEPRECATED_OBJC_IMPLEMENTATIONS = YES;
				CLANG_WARN_DIRECT_OBJC_ISA_USAGE = YES_ERROR;
				CLANG_WARN_DOCUMENTATION_COMMENTS = YES;
				CLANG_WARN_EMPTY_BODY = YES;
				CLANG_WARN_ENUM_CONVERSION = YES;
				CLANG_WARN_INFINITE_RECURSION = YES;
				CLANG_WARN_INT_CONVERSION = YES;
				CLANG_WARN_NON_LITERAL_NULL_CONVERSION = YES;
				CLANG_WARN_OBJC_IMPLICIT_RETAIN_SELF = YES;
				CLANG_WARN_OBJC_LITERAL_CONVERSION = YES;
				CLANG_WARN_OBJC_ROOT_CLASS = YES_ERROR;
				CLANG_WARN_QUOTED_INCLUDE_IN_FRAMEWORK_HEADER = YES;
				CLANG_WARN_RANGE_LOOP_ANALYSIS = YES;
				CLANG_WARN_STRICT_PROTOTYPES = YES;
				CLANG_WARN_SUSPICIOUS_MOVE = YES;
				CLANG_WARN_UNGUARDED_AVAILABILITY = YES_AGGRESSIVE;
				CLANG_WARN_UNREACHABLE_CODE = YES;
				CLANG_WARN__DUPLICATE_METHOD_MATCH = YES;
				COPY_PHASE_STRIP = NO;
				DEBUG_INFORMATION_FORMAT = "dwarf-with-dsym";
				ENABLE_NS_ASSERTIONS = NO;
				ENABLE_STRICT_OBJC_MSGSEND = YES;
				GCC_C_LANGUAGE_STANDARD = gnu11;
				GCC_NO_COMMON_BLOCKS = YES;
				GCC_WARN_64_TO_32_BIT_CONVERSION = YES;
				GCC_WARN_ABOUT_RETURN_TYPE = YES_ERROR;
				GCC_WARN_UNDECLARED_SELECTOR = YES;
				GCC_WARN_UNINITIALIZED_AUTOS = YES_AGGRESSIVE;
				GCC_WARN_UNUSED_FUNCTION = YES;
				GCC_WARN_UNUSED_VARIABLE = YES;
				IPHONEOS_DEPLOYMENT_TARGET = 16.4;
				MTL_ENABLE_DEBUG_INFO = NO;
				MTL_FAST_MATH = YES;
				SDKROOT = iphoneos;
				SWIFT_COMPILATION_MODE = wholemodule;
				SWIFT_OPTIMIZATION_LEVEL = "-O";
				VALIDATE_PRODUCT = YES;
			};
			name = Release;
		};
		138F9C9329F03B2100B9A248 /* Debug */ = {
			isa = XCBuildConfiguration;
			buildSettings = {
				ASSETCATALOG_COMPILER_APPICON_NAME = AppIcon;
				ASSETCATALOG_COMPILER_GLOBAL_ACCENT_COLOR_NAME = AccentColor;
				CODE_SIGN_STYLE = Automatic;
				CURRENT_PROJECT_VERSION = 1;
				DEVELOPMENT_TEAM = 36BF9P9PDN;
				GENERATE_INFOPLIST_FILE = YES;
				INFOPLIST_FILE = "PGP-example/Resources/Plist/Info.plist";
				INFOPLIST_KEY_UIApplicationSupportsIndirectInputEvents = YES;
				INFOPLIST_KEY_UILaunchStoryboardName = LaunchScreen;
				INFOPLIST_KEY_UISupportedInterfaceOrientations_iPad = "UIInterfaceOrientationPortrait UIInterfaceOrientationPortraitUpsideDown UIInterfaceOrientationLandscapeLeft UIInterfaceOrientationLandscapeRight";
				INFOPLIST_KEY_UISupportedInterfaceOrientations_iPhone = "UIInterfaceOrientationPortrait UIInterfaceOrientationLandscapeLeft UIInterfaceOrientationLandscapeRight";
				LD_RUNPATH_SEARCH_PATHS = (
					"$(inherited)",
					"@executable_path/Frameworks",
				);
				MARKETING_VERSION = 1.0;
				PRODUCT_BUNDLE_IDENTIFIER = "bradley.hoang.PGP-example";
				PRODUCT_NAME = "$(TARGET_NAME)";
				SWIFT_EMIT_LOC_STRINGS = YES;
				SWIFT_VERSION = 5.0;
				TARGETED_DEVICE_FAMILY = "1,2";
			};
			name = Debug;
		};
		138F9C9429F03B2100B9A248 /* Release */ = {
			isa = XCBuildConfiguration;
			buildSettings = {
				ASSETCATALOG_COMPILER_APPICON_NAME = AppIcon;
				ASSETCATALOG_COMPILER_GLOBAL_ACCENT_COLOR_NAME = AccentColor;
				CODE_SIGN_STYLE = Automatic;
				CURRENT_PROJECT_VERSION = 1;
				DEVELOPMENT_TEAM = 36BF9P9PDN;
				GENERATE_INFOPLIST_FILE = YES;
				INFOPLIST_FILE = "PGP-example/Resources/Plist/Info.plist";
				INFOPLIST_KEY_UIApplicationSupportsIndirectInputEvents = YES;
				INFOPLIST_KEY_UILaunchStoryboardName = LaunchScreen;
				INFOPLIST_KEY_UISupportedInterfaceOrientations_iPad = "UIInterfaceOrientationPortrait UIInterfaceOrientationPortraitUpsideDown UIInterfaceOrientationLandscapeLeft UIInterfaceOrientationLandscapeRight";
				INFOPLIST_KEY_UISupportedInterfaceOrientations_iPhone = "UIInterfaceOrientationPortrait UIInterfaceOrientationLandscapeLeft UIInterfaceOrientationLandscapeRight";
				LD_RUNPATH_SEARCH_PATHS = (
					"$(inherited)",
					"@executable_path/Frameworks",
				);
				MARKETING_VERSION = 1.0;
				PRODUCT_BUNDLE_IDENTIFIER = "bradley.hoang.PGP-example";
				PRODUCT_NAME = "$(TARGET_NAME)";
				SWIFT_EMIT_LOC_STRINGS = YES;
				SWIFT_VERSION = 5.0;
				TARGETED_DEVICE_FAMILY = "1,2";
			};
			name = Release;
		};
/* End XCBuildConfiguration section */

/* Begin XCConfigurationList section */
		138F9C7929F03B2000B9A248 /* Build configuration list for PBXProject "PGP-example" */ = {
			isa = XCConfigurationList;
			buildConfigurations = (
				138F9C9029F03B2100B9A248 /* Debug */,
				138F9C9129F03B2100B9A248 /* Release */,
			);
			defaultConfigurationIsVisible = 0;
			defaultConfigurationName = Release;
		};
		138F9C9229F03B2100B9A248 /* Build configuration list for PBXNativeTarget "PGP-example" */ = {
			isa = XCConfigurationList;
			buildConfigurations = (
				138F9C9329F03B2100B9A248 /* Debug */,
				138F9C9429F03B2100B9A248 /* Release */,
			);
			defaultConfigurationIsVisible = 0;
			defaultConfigurationName = Release;
		};
/* End XCConfigurationList section */
	};
	rootObject = 138F9C7629F03B2000B9A248 /* Project object */;
}
